// !$*UTF8*$!
{
	archiveVersion = 1;
	classes = {
	};
	objectVersion = 56;
	objects = {

/* Begin PBXBuildFile section */
		94404CFA2B0A7C25003ADAA0 /* Parcial4_2530892009App.swift in Sources */ = {isa = PBXBuildFile; fileRef = 94404CF92B0A7C25003ADAA0 /* Parcial4_2530892009App.swift */; };
		94404CFC2B0A7C25003ADAA0 /* ContentView.swift in Sources */ = {isa = PBXBuildFile; fileRef = 94404CFB2B0A7C25003ADAA0 /* ContentView.swift */; };
		94404CFE2B0A7C26003ADAA0 /* Assets.xcassets in Resources */ = {isa = PBXBuildFile; fileRef = 94404CFD2B0A7C26003ADAA0 /* Assets.xcassets */; };
		94404D012B0A7C26003ADAA0 /* Preview Assets.xcassets in Resources */ = {isa = PBXBuildFile; fileRef = 94404D002B0A7C26003ADAA0 /* Preview Assets.xcassets */; };
		94404D0B2B0A7C27003ADAA0 /* Parcial4_2530892009Tests.swift in Sources */ = {isa = PBXBuildFile; fileRef = 94404D0A2B0A7C27003ADAA0 /* Parcial4_2530892009Tests.swift */; };
		94404D152B0A7C27003ADAA0 /* Parcial4_2530892009UITests.swift in Sources */ = {isa = PBXBuildFile; fileRef = 94404D142B0A7C27003ADAA0 /* Parcial4_2530892009UITests.swift */; };
		94404D172B0A7C27003ADAA0 /* Parcial4_2530892009UITestsLaunchTests.swift in Sources */ = {isa = PBXBuildFile; fileRef = 94404D162B0A7C27003ADAA0 /* Parcial4_2530892009UITestsLaunchTests.swift */; };
		94404D252B0A803D003ADAA0 /* colorFondo.swift in Sources */ = {isa = PBXBuildFile; fileRef = 94404D242B0A803D003ADAA0 /* colorFondo.swift */; };
		94404D302B0A8A16003ADAA0 /* comidaMenu.swift in Sources */ = {isa = PBXBuildFile; fileRef = 94404D2F2B0A8A16003ADAA0 /* comidaMenu.swift */; };
		94404D322B0AA6E8003ADAA0 /* logoBusqueda.swift in Sources */ = {isa = PBXBuildFile; fileRef = 94404D312B0AA6E8003ADAA0 /* logoBusqueda.swift */; };
		94404D342B0AAF3B003ADAA0 /* burgers.swift in Sources */ = {isa = PBXBuildFile; fileRef = 94404D332B0AAF3B003ADAA0 /* burgers.swift */; };
		94404D362B0ADEB7003ADAA0 /* tacos.swift in Sources */ = {isa = PBXBuildFile; fileRef = 94404D352B0ADEB7003ADAA0 /* tacos.swift */; };
		94404D382B0AE30E003ADAA0 /* slideBurger.swift in Sources */ = {isa = PBXBuildFile; fileRef = 94404D372B0AE30E003ADAA0 /* slideBurger.swift */; };
		94404D3E2B0AFC07003ADAA0 /* slideTaco.swift in Sources */ = {isa = PBXBuildFile; fileRef = 94404D3D2B0AFC07003ADAA0 /* slideTaco.swift */; };
		94404D402B0AFC11003ADAA0 /* slideTorta.swift in Sources */ = {isa = PBXBuildFile; fileRef = 94404D3F2B0AFC11003ADAA0 /* slideTorta.swift */; };
		94404D422B0AFE41003ADAA0 /* torta.swift in Sources */ = {isa = PBXBuildFile; fileRef = 94404D412B0AFE41003ADAA0 /* torta.swift */; };
/* End PBXBuildFile section */

/* Begin PBXContainerItemProxy section */
		94404D072B0A7C27003ADAA0 /* PBXContainerItemProxy */ = {
			isa = PBXContainerItemProxy;
			containerPortal = 94404CEE2B0A7C25003ADAA0 /* Project object */;
			proxyType = 1;
			remoteGlobalIDString = 94404CF52B0A7C25003ADAA0;
			remoteInfo = Parcial4_2530892009;
		};
		94404D112B0A7C27003ADAA0 /* PBXContainerItemProxy */ = {
			isa = PBXContainerItemProxy;
			containerPortal = 94404CEE2B0A7C25003ADAA0 /* Project object */;
			proxyType = 1;
			remoteGlobalIDString = 94404CF52B0A7C25003ADAA0;
			remoteInfo = Parcial4_2530892009;
		};
/* End PBXContainerItemProxy section */

/* Begin PBXFileReference section */
		94404CF62B0A7C25003ADAA0 /* Parcial4_2530892009.app */ = {isa = PBXFileReference; explicitFileType = wrapper.application; includeInIndex = 0; path = Parcial4_2530892009.app; sourceTree = BUILT_PRODUCTS_DIR; };
		94404CF92B0A7C25003ADAA0 /* Parcial4_2530892009App.swift */ = {isa = PBXFileReference; lastKnownFileType = sourcecode.swift; path = Parcial4_2530892009App.swift; sourceTree = "<group>"; };
		94404CFB2B0A7C25003ADAA0 /* ContentView.swift */ = {isa = PBXFileReference; lastKnownFileType = sourcecode.swift; path = ContentView.swift; sourceTree = "<group>"; };
		94404CFD2B0A7C26003ADAA0 /* Assets.xcassets */ = {isa = PBXFileReference; lastKnownFileType = folder.assetcatalog; path = Assets.xcassets; sourceTree = "<group>"; };
		94404D002B0A7C26003ADAA0 /* Preview Assets.xcassets */ = {isa = PBXFileReference; lastKnownFileType = folder.assetcatalog; path = "Preview Assets.xcassets"; sourceTree = "<group>"; };
		94404D062B0A7C27003ADAA0 /* Parcial4_2530892009Tests.xctest */ = {isa = PBXFileReference; explicitFileType = wrapper.cfbundle; includeInIndex = 0; path = Parcial4_2530892009Tests.xctest; sourceTree = BUILT_PRODUCTS_DIR; };
		94404D0A2B0A7C27003ADAA0 /* Parcial4_2530892009Tests.swift */ = {isa = PBXFileReference; lastKnownFileType = sourcecode.swift; path = Parcial4_2530892009Tests.swift; sourceTree = "<group>"; };
		94404D102B0A7C27003ADAA0 /* Parcial4_2530892009UITests.xctest */ = {isa = PBXFileReference; explicitFileType = wrapper.cfbundle; includeInIndex = 0; path = Parcial4_2530892009UITests.xctest; sourceTree = BUILT_PRODUCTS_DIR; };
		94404D142B0A7C27003ADAA0 /* Parcial4_2530892009UITests.swift */ = {isa = PBXFileReference; lastKnownFileType = sourcecode.swift; path = Parcial4_2530892009UITests.swift; sourceTree = "<group>"; };
		94404D162B0A7C27003ADAA0 /* Parcial4_2530892009UITestsLaunchTests.swift */ = {isa = PBXFileReference; lastKnownFileType = sourcecode.swift; path = Parcial4_2530892009UITestsLaunchTests.swift; sourceTree = "<group>"; };
		94404D242B0A803D003ADAA0 /* colorFondo.swift */ = {isa = PBXFileReference; lastKnownFileType = sourcecode.swift; path = colorFondo.swift; sourceTree = "<group>"; };
		94404D2F2B0A8A16003ADAA0 /* comidaMenu.swift */ = {isa = PBXFileReference; lastKnownFileType = sourcecode.swift; path = comidaMenu.swift; sourceTree = "<group>"; };
		94404D312B0AA6E8003ADAA0 /* logoBusqueda.swift */ = {isa = PBXFileReference; lastKnownFileType = sourcecode.swift; path = logoBusqueda.swift; sourceTree = "<group>"; };
		94404D332B0AAF3B003ADAA0 /* burgers.swift */ = {isa = PBXFileReference; lastKnownFileType = sourcecode.swift; path = burgers.swift; sourceTree = "<group>"; };
		94404D352B0ADEB7003ADAA0 /* tacos.swift */ = {isa = PBXFileReference; lastKnownFileType = sourcecode.swift; path = tacos.swift; sourceTree = "<group>"; };
		94404D372B0AE30E003ADAA0 /* slideBurger.swift */ = {isa = PBXFileReference; lastKnownFileType = sourcecode.swift; path = slideBurger.swift; sourceTree = "<group>"; };
		94404D3D2B0AFC07003ADAA0 /* slideTaco.swift */ = {isa = PBXFileReference; lastKnownFileType = sourcecode.swift; path = slideTaco.swift; sourceTree = "<group>"; };
		94404D3F2B0AFC11003ADAA0 /* slideTorta.swift */ = {isa = PBXFileReference; lastKnownFileType = sourcecode.swift; path = slideTorta.swift; sourceTree = "<group>"; };
		94404D412B0AFE41003ADAA0 /* torta.swift */ = {isa = PBXFileReference; lastKnownFileType = sourcecode.swift; path = torta.swift; sourceTree = "<group>"; };
/* End PBXFileReference section */

/* Begin PBXFrameworksBuildPhase section */
		94404CF32B0A7C25003ADAA0 /* Frameworks */ = {
			isa = PBXFrameworksBuildPhase;
			buildActionMask = 2147483647;
			files = (
			);
			runOnlyForDeploymentPostprocessing = 0;
		};
		94404D032B0A7C27003ADAA0 /* Frameworks */ = {
			isa = PBXFrameworksBuildPhase;
			buildActionMask = 2147483647;
			files = (
			);
			runOnlyForDeploymentPostprocessing = 0;
		};
		94404D0D2B0A7C27003ADAA0 /* Frameworks */ = {
			isa = PBXFrameworksBuildPhase;
			buildActionMask = 2147483647;
			files = (
			);
			runOnlyForDeploymentPostprocessing = 0;
		};
/* End PBXFrameworksBuildPhase section */

/* Begin PBXGroup section */
		94404CED2B0A7C25003ADAA0 = {
			isa = PBXGroup;
			children = (
				94404CF82B0A7C25003ADAA0 /* Parcial4_2530892009 */,
				94404D092B0A7C27003ADAA0 /* Parcial4_2530892009Tests */,
				94404D132B0A7C27003ADAA0 /* Parcial4_2530892009UITests */,
				94404CF72B0A7C25003ADAA0 /* Products */,
			);
			sourceTree = "<group>";
		};
		94404CF72B0A7C25003ADAA0 /* Products */ = {
			isa = PBXGroup;
			children = (
				94404CF62B0A7C25003ADAA0 /* Parcial4_2530892009.app */,
				94404D062B0A7C27003ADAA0 /* Parcial4_2530892009Tests.xctest */,
				94404D102B0A7C27003ADAA0 /* Parcial4_2530892009UITests.xctest */,
			);
			name = Products;
			sourceTree = "<group>";
		};
		94404CF82B0A7C25003ADAA0 /* Parcial4_2530892009 */ = {
			isa = PBXGroup;
			children = (
				94404D282B0A8737003ADAA0 /* categorias */,
				94404D262B0A8440003ADAA0 /* slides */,
				94404D232B0A8023003ADAA0 /* header */,
				94404CF92B0A7C25003ADAA0 /* Parcial4_2530892009App.swift */,
				94404CFB2B0A7C25003ADAA0 /* ContentView.swift */,
				94404CFD2B0A7C26003ADAA0 /* Assets.xcassets */,
				94404CFF2B0A7C26003ADAA0 /* Preview Content */,
			);
			path = Parcial4_2530892009;
			sourceTree = "<group>";
		};
		94404CFF2B0A7C26003ADAA0 /* Preview Content */ = {
			isa = PBXGroup;
			children = (
				94404D002B0A7C26003ADAA0 /* Preview Assets.xcassets */,
			);
			path = "Preview Content";
			sourceTree = "<group>";
		};
		94404D092B0A7C27003ADAA0 /* Parcial4_2530892009Tests */ = {
			isa = PBXGroup;
			children = (
				94404D0A2B0A7C27003ADAA0 /* Parcial4_2530892009Tests.swift */,
			);
			path = Parcial4_2530892009Tests;
			sourceTree = "<group>";
		};
		94404D132B0A7C27003ADAA0 /* Parcial4_2530892009UITests */ = {
			isa = PBXGroup;
			children = (
				94404D142B0A7C27003ADAA0 /* Parcial4_2530892009UITests.swift */,
				94404D162B0A7C27003ADAA0 /* Parcial4_2530892009UITestsLaunchTests.swift */,
			);
			path = Parcial4_2530892009UITests;
			sourceTree = "<group>";
		};
		94404D232B0A8023003ADAA0 /* header */ = {
			isa = PBXGroup;
			children = (
				94404D242B0A803D003ADAA0 /* colorFondo.swift */,
				94404D312B0AA6E8003ADAA0 /* logoBusqueda.swift */,
			);
			path = header;
			sourceTree = "<group>";
		};
		94404D262B0A8440003ADAA0 /* slides */ = {
			isa = PBXGroup;
			children = (
				94404D2F2B0A8A16003ADAA0 /* comidaMenu.swift */,
				94404D372B0AE30E003ADAA0 /* slideBurger.swift */,
				94404D3D2B0AFC07003ADAA0 /* slideTaco.swift */,
				94404D3F2B0AFC11003ADAA0 /* slideTorta.swift */,
			);
			path = slides;
			sourceTree = "<group>";
		};
		94404D282B0A8737003ADAA0 /* categorias */ = {
			isa = PBXGroup;
			children = (
				94404D332B0AAF3B003ADAA0 /* burgers.swift */,
				94404D352B0ADEB7003ADAA0 /* tacos.swift */,
				94404D412B0AFE41003ADAA0 /* torta.swift */,
			);
			path = categorias;
			sourceTree = "<group>";
		};
/* End PBXGroup section */

/* Begin PBXNativeTarget section */
		94404CF52B0A7C25003ADAA0 /* Parcial4_2530892009 */ = {
			isa = PBXNativeTarget;
			buildConfigurationList = 94404D1A2B0A7C27003ADAA0 /* Build configuration list for PBXNativeTarget "Parcial4_2530892009" */;
			buildPhases = (
				94404CF22B0A7C25003ADAA0 /* Sources */,
				94404CF32B0A7C25003ADAA0 /* Frameworks */,
				94404CF42B0A7C25003ADAA0 /* Resources */,
			);
			buildRules = (
			);
			dependencies = (
			);
			name = Parcial4_2530892009;
			productName = Parcial4_2530892009;
			productReference = 94404CF62B0A7C25003ADAA0 /* Parcial4_2530892009.app */;
			productType = "com.apple.product-type.application";
		};
		94404D052B0A7C27003ADAA0 /* Parcial4_2530892009Tests */ = {
			isa = PBXNativeTarget;
			buildConfigurationList = 94404D1D2B0A7C27003ADAA0 /* Build configuration list for PBXNativeTarget "Parcial4_2530892009Tests" */;
			buildPhases = (
				94404D022B0A7C27003ADAA0 /* Sources */,
				94404D032B0A7C27003ADAA0 /* Frameworks */,
				94404D042B0A7C27003ADAA0 /* Resources */,
			);
			buildRules = (
			);
			dependencies = (
				94404D082B0A7C27003ADAA0 /* PBXTargetDependency */,
			);
			name = Parcial4_2530892009Tests;
			productName = Parcial4_2530892009Tests;
			productReference = 94404D062B0A7C27003ADAA0 /* Parcial4_2530892009Tests.xctest */;
			productType = "com.apple.product-type.bundle.unit-test";
		};
		94404D0F2B0A7C27003ADAA0 /* Parcial4_2530892009UITests */ = {
			isa = PBXNativeTarget;
			buildConfigurationList = 94404D202B0A7C27003ADAA0 /* Build configuration list for PBXNativeTarget "Parcial4_2530892009UITests" */;
			buildPhases = (
				94404D0C2B0A7C27003ADAA0 /* Sources */,
				94404D0D2B0A7C27003ADAA0 /* Frameworks */,
				94404D0E2B0A7C27003ADAA0 /* Resources */,
			);
			buildRules = (
			);
			dependencies = (
				94404D122B0A7C27003ADAA0 /* PBXTargetDependency */,
			);
			name = Parcial4_2530892009UITests;
			productName = Parcial4_2530892009UITests;
			productReference = 94404D102B0A7C27003ADAA0 /* Parcial4_2530892009UITests.xctest */;
			productType = "com.apple.product-type.bundle.ui-testing";
		};
/* End PBXNativeTarget section */

/* Begin PBXProject section */
		94404CEE2B0A7C25003ADAA0 /* Project object */ = {
			isa = PBXProject;
			attributes = {
				BuildIndependentTargetsInParallel = 1;
				LastSwiftUpdateCheck = 1500;
				LastUpgradeCheck = 1500;
				TargetAttributes = {
					94404CF52B0A7C25003ADAA0 = {
						CreatedOnToolsVersion = 15.0.1;
					};
					94404D052B0A7C27003ADAA0 = {
						CreatedOnToolsVersion = 15.0.1;
						TestTargetID = 94404CF52B0A7C25003ADAA0;
					};
					94404D0F2B0A7C27003ADAA0 = {
						CreatedOnToolsVersion = 15.0.1;
						TestTargetID = 94404CF52B0A7C25003ADAA0;
					};
				};
			};
			buildConfigurationList = 94404CF12B0A7C25003ADAA0 /* Build configuration list for PBXProject "Parcial4_2530892009" */;
			compatibilityVersion = "Xcode 14.0";
			developmentRegion = en;
			hasScannedForEncodings = 0;
			knownRegions = (
				en,
				Base,
			);
			mainGroup = 94404CED2B0A7C25003ADAA0;
			productRefGroup = 94404CF72B0A7C25003ADAA0 /* Products */;
			projectDirPath = "";
			projectRoot = "";
			targets = (
				94404CF52B0A7C25003ADAA0 /* Parcial4_2530892009 */,
				94404D052B0A7C27003ADAA0 /* Parcial4_2530892009Tests */,
				94404D0F2B0A7C27003ADAA0 /* Parcial4_2530892009UITests */,
			);
		};
/* End PBXProject section */

/* Begin PBXResourcesBuildPhase section */
		94404CF42B0A7C25003ADAA0 /* Resources */ = {
			isa = PBXResourcesBuildPhase;
			buildActionMask = 2147483647;
			files = (
				94404D012B0A7C26003ADAA0 /* Preview Assets.xcassets in Resources */,
				94404CFE2B0A7C26003ADAA0 /* Assets.xcassets in Resources */,
			);
			runOnlyForDeploymentPostprocessing = 0;
		};
		94404D042B0A7C27003ADAA0 /* Resources */ = {
			isa = PBXResourcesBuildPhase;
			buildActionMask = 2147483647;
			files = (
			);
			runOnlyForDeploymentPostprocessing = 0;
		};
		94404D0E2B0A7C27003ADAA0 /* Resources */ = {
			isa = PBXResourcesBuildPhase;
			buildActionMask = 2147483647;
			files = (
			);
			runOnlyForDeploymentPostprocessing = 0;
		};
/* End PBXResourcesBuildPhase section */

/* Begin PBXSourcesBuildPhase section */
		94404CF22B0A7C25003ADAA0 /* Sources */ = {
			isa = PBXSourcesBuildPhase;
			buildActionMask = 2147483647;
			files = (
				94404D362B0ADEB7003ADAA0 /* tacos.swift in Sources */,
				94404D382B0AE30E003ADAA0 /* slideBurger.swift in Sources */,
				94404D342B0AAF3B003ADAA0 /* burgers.swift in Sources */,
				94404D302B0A8A16003ADAA0 /* comidaMenu.swift in Sources */,
				94404D422B0AFE41003ADAA0 /* torta.swift in Sources */,
				94404CFC2B0A7C25003ADAA0 /* ContentView.swift in Sources */,
				94404D252B0A803D003ADAA0 /* colorFondo.swift in Sources */,
				94404D322B0AA6E8003ADAA0 /* logoBusqueda.swift in Sources */,
				94404D3E2B0AFC07003ADAA0 /* slideTaco.swift in Sources */,
				94404D402B0AFC11003ADAA0 /* slideTorta.swift in Sources */,
				94404CFA2B0A7C25003ADAA0 /* Parcial4_2530892009App.swift in Sources */,
			);
			runOnlyForDeploymentPostprocessing = 0;
		};
		94404D022B0A7C27003ADAA0 /* Sources */ = {
			isa = PBXSourcesBuildPhase;
			buildActionMask = 2147483647;
			files = (
				94404D0B2B0A7C27003ADAA0 /* Parcial4_2530892009Tests.swift in Sources */,
			);
			runOnlyForDeploymentPostprocessing = 0;
		};
		94404D0C2B0A7C27003ADAA0 /* Sources */ = {
			isa = PBXSourcesBuildPhase;
			buildActionMask = 2147483647;
			files = (
				94404D172B0A7C27003ADAA0 /* Parcial4_2530892009UITestsLaunchTests.swift in Sources */,
				94404D152B0A7C27003ADAA0 /* Parcial4_2530892009UITests.swift in Sources */,
			);
			runOnlyForDeploymentPostprocessing = 0;
		};
/* End PBXSourcesBuildPhase section */

/* Begin PBXTargetDependency section */
		94404D082B0A7C27003ADAA0 /* PBXTargetDependency */ = {
			isa = PBXTargetDependency;
			target = 94404CF52B0A7C25003ADAA0 /* Parcial4_2530892009 */;
			targetProxy = 94404D072B0A7C27003ADAA0 /* PBXContainerItemProxy */;
		};
		94404D122B0A7C27003ADAA0 /* PBXTargetDependency */ = {
			isa = PBXTargetDependency;
			target = 94404CF52B0A7C25003ADAA0 /* Parcial4_2530892009 */;
			targetProxy = 94404D112B0A7C27003ADAA0 /* PBXContainerItemProxy */;
		};
/* End PBXTargetDependency section */

/* Begin XCBuildConfiguration section */
		94404D182B0A7C27003ADAA0 /* Debug */ = {
			isa = XCBuildConfiguration;
			buildSettings = {
				ALWAYS_SEARCH_USER_PATHS = NO;
				ASSETCATALOG_COMPILER_GENERATE_SWIFT_ASSET_SYMBOL_EXTENSIONS = YES;
				CLANG_ANALYZER_NONNULL = YES;
				CLANG_ANALYZER_NUMBER_OBJECT_CONVERSION = YES_AGGRESSIVE;
				CLANG_CXX_LANGUAGE_STANDARD = "gnu++20";
				CLANG_ENABLE_MODULES = YES;
				CLANG_ENABLE_OBJC_ARC = YES;
				CLANG_ENABLE_OBJC_WEAK = YES;
				CLANG_WARN_BLOCK_CAPTURE_AUTORELEASING = YES;
				CLANG_WARN_BOOL_CONVERSION = YES;
				CLANG_WARN_COMMA = YES;
				CLANG_WARN_CONSTANT_CONVERSION = YES;
				CLANG_WARN_DEPRECATED_OBJC_IMPLEMENTATIONS = YES;
				CLANG_WARN_DIRECT_OBJC_ISA_USAGE = YES_ERROR;
				CLANG_WARN_DOCUMENTATION_COMMENTS = YES;
				CLANG_WARN_EMPTY_BODY = YES;
				CLANG_WARN_ENUM_CONVERSION = YES;
				CLANG_WARN_INFINITE_RECURSION = YES;
				CLANG_WARN_INT_CONVERSION = YES;
				CLANG_WARN_NON_LITERAL_NULL_CONVERSION = YES;
				CLANG_WARN_OBJC_IMPLICIT_RETAIN_SELF = YES;
				CLANG_WARN_OBJC_LITERAL_CONVERSION = YES;
				CLANG_WARN_OBJC_ROOT_CLASS = YES_ERROR;
				CLANG_WARN_QUOTED_INCLUDE_IN_FRAMEWORK_HEADER = YES;
				CLANG_WARN_RANGE_LOOP_ANALYSIS = YES;
				CLANG_WARN_STRICT_PROTOTYPES = YES;
				CLANG_WARN_SUSPICIOUS_MOVE = YES;
				CLANG_WARN_UNGUARDED_AVAILABILITY = YES_AGGRESSIVE;
				CLANG_WARN_UNREACHABLE_CODE = YES;
				CLANG_WARN__DUPLICATE_METHOD_MATCH = YES;
				COPY_PHASE_STRIP = NO;
				DEBUG_INFORMATION_FORMAT = dwarf;
				ENABLE_STRICT_OBJC_MSGSEND = YES;
				ENABLE_TESTABILITY = YES;
				ENABLE_USER_SCRIPT_SANDBOXING = YES;
				GCC_C_LANGUAGE_STANDARD = gnu17;
				GCC_DYNAMIC_NO_PIC = NO;
				GCC_NO_COMMON_BLOCKS = YES;
				GCC_OPTIMIZATION_LEVEL = 0;
				GCC_PREPROCESSOR_DEFINITIONS = (
					"DEBUG=1",
					"$(inherited)",
				);
				GCC_WARN_64_TO_32_BIT_CONVERSION = YES;
				GCC_WARN_ABOUT_RETURN_TYPE = YES_ERROR;
				GCC_WARN_UNDECLARED_SELECTOR = YES;
				GCC_WARN_UNINITIALIZED_AUTOS = YES_AGGRESSIVE;
				GCC_WARN_UNUSED_FUNCTION = YES;
				GCC_WARN_UNUSED_VARIABLE = YES;
				IPHONEOS_DEPLOYMENT_TARGET = 17.0;
				LOCALIZATION_PREFERS_STRING_CATALOGS = YES;
				MTL_ENABLE_DEBUG_INFO = INCLUDE_SOURCE;
				MTL_FAST_MATH = YES;
				ONLY_ACTIVE_ARCH = YES;
				SDKROOT = iphoneos;
				SWIFT_ACTIVE_COMPILATION_CONDITIONS = "DEBUG $(inherited)";
				SWIFT_OPTIMIZATION_LEVEL = "-Onone";
			};
			name = Debug;
		};
		94404D192B0A7C27003ADAA0 /* Release */ = {
			isa = XCBuildConfiguration;
			buildSettings = {
				ALWAYS_SEARCH_USER_PATHS = NO;
				ASSETCATALOG_COMPILER_GENERATE_SWIFT_ASSET_SYMBOL_EXTENSIONS = YES;
				CLANG_ANALYZER_NONNULL = YES;
				CLANG_ANALYZER_NUMBER_OBJECT_CONVERSION = YES_AGGRESSIVE;
				CLANG_CXX_LANGUAGE_STANDARD = "gnu++20";
				CLANG_ENABLE_MODULES = YES;
				CLANG_ENABLE_OBJC_ARC = YES;
				CLANG_ENABLE_OBJC_WEAK = YES;
				CLANG_WARN_BLOCK_CAPTURE_AUTORELEASING = YES;
				CLANG_WARN_BOOL_CONVERSION = YES;
				CLANG_WARN_COMMA = YES;
				CLANG_WARN_CONSTANT_CONVERSION = YES;
				CLANG_WARN_DEPRECATED_OBJC_IMPLEMENTATIONS = YES;
				CLANG_WARN_DIRECT_OBJC_ISA_USAGE = YES_ERROR;
				CLANG_WARN_DOCUMENTATION_COMMENTS = YES;
				CLANG_WARN_EMPTY_BODY = YES;
				CLANG_WARN_ENUM_CONVERSION = YES;
				CLANG_WARN_INFINITE_RECURSION = YES;
				CLANG_WARN_INT_CONVERSION = YES;
				CLANG_WARN_NON_LITERAL_NULL_CONVERSION = YES;
				CLANG_WARN_OBJC_IMPLICIT_RETAIN_SELF = YES;
				CLANG_WARN_OBJC_LITERAL_CONVERSION = YES;
				CLANG_WARN_OBJC_ROOT_CLASS = YES_ERROR;
				CLANG_WARN_QUOTED_INCLUDE_IN_FRAMEWORK_HEADER = YES;
				CLANG_WARN_RANGE_LOOP_ANALYSIS = YES;
				CLANG_WARN_STRICT_PROTOTYPES = YES;
				CLANG_WARN_SUSPICIOUS_MOVE = YES;
				CLANG_WARN_UNGUARDED_AVAILABILITY = YES_AGGRESSIVE;
				CLANG_WARN_UNREACHABLE_CODE = YES;
				CLANG_WARN__DUPLICATE_METHOD_MATCH = YES;
				COPY_PHASE_STRIP = NO;
				DEBUG_INFORMATION_FORMAT = "dwarf-with-dsym";
				ENABLE_NS_ASSERTIONS = NO;
				ENABLE_STRICT_OBJC_MSGSEND = YES;
				ENABLE_USER_SCRIPT_SANDBOXING = YES;
				GCC_C_LANGUAGE_STANDARD = gnu17;
				GCC_NO_COMMON_BLOCKS = YES;
				GCC_WARN_64_TO_32_BIT_CONVERSION = YES;
				GCC_WARN_ABOUT_RETURN_TYPE = YES_ERROR;
				GCC_WARN_UNDECLARED_SELECTOR = YES;
				GCC_WARN_UNINITIALIZED_AUTOS = YES_AGGRESSIVE;
				GCC_WARN_UNUSED_FUNCTION = YES;
				GCC_WARN_UNUSED_VARIABLE = YES;
				IPHONEOS_DEPLOYMENT_TARGET = 17.0;
				LOCALIZATION_PREFERS_STRING_CATALOGS = YES;
				MTL_ENABLE_DEBUG_INFO = NO;
				MTL_FAST_MATH = YES;
				SDKROOT = iphoneos;
				SWIFT_COMPILATION_MODE = wholemodule;
				VALIDATE_PRODUCT = YES;
			};
			name = Release;
		};
		94404D1B2B0A7C27003ADAA0 /* Debug */ = {
			isa = XCBuildConfiguration;
			buildSettings = {
				ASSETCATALOG_COMPILER_APPICON_NAME = AppIcon;
				ASSETCATALOG_COMPILER_GLOBAL_ACCENT_COLOR_NAME = AccentColor;
				CODE_SIGN_STYLE = Automatic;
				CURRENT_PROJECT_VERSION = 1;
				DEVELOPMENT_ASSET_PATHS = "\"Parcial4_2530892009/Preview Content\"";
				ENABLE_PREVIEWS = YES;
				GENERATE_INFOPLIST_FILE = YES;
				INFOPLIST_KEY_UIApplicationSceneManifest_Generation = YES;
				INFOPLIST_KEY_UIApplicationSupportsIndirectInputEvents = YES;
				INFOPLIST_KEY_UILaunchScreen_Generation = YES;
				INFOPLIST_KEY_UISupportedInterfaceOrientations_iPad = "UIInterfaceOrientationPortrait UIInterfaceOrientationPortraitUpsideDown UIInterfaceOrientationLandscapeLeft UIInterfaceOrientationLandscapeRight";
				INFOPLIST_KEY_UISupportedInterfaceOrientations_iPhone = "UIInterfaceOrientationPortrait UIInterfaceOrientationLandscapeLeft UIInterfaceOrientationLandscapeRight";
				LD_RUNPATH_SEARCH_PATHS = (
					"$(inherited)",
					"@executable_path/Frameworks",
				);
				MARKETING_VERSION = 1.0;
				PRODUCT_BUNDLE_IDENTIFIER = "utec.edu.sv.Parcial4-2530892009";
				PRODUCT_NAME = "$(TARGET_NAME)";
				SWIFT_EMIT_LOC_STRINGS = YES;
				SWIFT_VERSION = 5.0;
				TARGETED_DEVICE_FAMILY = "1,2";
			};
			name = Debug;
		};
		94404D1C2B0A7C27003ADAA0 /* Release */ = {
			isa = XCBuildConfiguration;
			buildSettings = {
				ASSETCATALOG_COMPILER_APPICON_NAME = AppIcon;
				ASSETCATALOG_COMPILER_GLOBAL_ACCENT_COLOR_NAME = AccentColor;
				CODE_SIGN_STYLE = Automatic;
				CURRENT_PROJECT_VERSION = 1;
				DEVELOPMENT_ASSET_PATHS = "\"Parcial4_2530892009/Preview Content\"";
				ENABLE_PREVIEWS = YES;
				GENERATE_INFOPLIST_FILE = YES;
				INFOPLIST_KEY_UIApplicationSceneManifest_Generation = YES;
				INFOPLIST_KEY_UIApplicationSupportsIndirectInputEvents = YES;
				INFOPLIST_KEY_UILaunchScreen_Generation = YES;
				INFOPLIST_KEY_UISupportedInterfaceOrientations_iPad = "UIInterfaceOrientationPortrait UIInterfaceOrientationPortraitUpsideDown UIInterfaceOrientationLandscapeLeft UIInterfaceOrientationLandscapeRight";
				INFOPLIST_KEY_UISupportedInterfaceOrientations_iPhone = "UIInterfaceOrientationPortrait UIInterfaceOrientationLandscapeLeft UIInterfaceOrientationLandscapeRight";
				LD_RUNPATH_SEARCH_PATHS = (
					"$(inherited)",
					"@executable_path/Frameworks",
				);
				MARKETING_VERSION = 1.0;
				PRODUCT_BUNDLE_IDENTIFIER = "utec.edu.sv.Parcial4-2530892009";
				PRODUCT_NAME = "$(TARGET_NAME)";
				SWIFT_EMIT_LOC_STRINGS = YES;
				SWIFT_VERSION = 5.0;
				TARGETED_DEVICE_FAMILY = "1,2";
			};
			name = Release;
		};
		94404D1E2B0A7C27003ADAA0 /* Debug */ = {
			isa = XCBuildConfiguration;
			buildSettings = {
				ALWAYS_EMBED_SWIFT_STANDARD_LIBRARIES = YES;
				BUNDLE_LOADER = "$(TEST_HOST)";
				CODE_SIGN_STYLE = Automatic;
				CURRENT_PROJECT_VERSION = 1;
				GENERATE_INFOPLIST_FILE = YES;
				IPHONEOS_DEPLOYMENT_TARGET = 17.0;
				MARKETING_VERSION = 1.0;
				PRODUCT_BUNDLE_IDENTIFIER = "utec.edu.sv.Parcial4-2530892009Tests";
				PRODUCT_NAME = "$(TARGET_NAME)";
				SWIFT_EMIT_LOC_STRINGS = NO;
				SWIFT_VERSION = 5.0;
				TARGETED_DEVICE_FAMILY = "1,2";
				TEST_HOST = "$(BUILT_PRODUCTS_DIR)/Parcial4_2530892009.app/$(BUNDLE_EXECUTABLE_FOLDER_PATH)/Parcial4_2530892009";
			};
			name = Debug;
		};
		94404D1F2B0A7C27003ADAA0 /* Release */ = {
			isa = XCBuildConfiguration;
			buildSettings = {
				ALWAYS_EMBED_SWIFT_STANDARD_LIBRARIES = YES;
				BUNDLE_LOADER = "$(TEST_HOST)";
				CODE_SIGN_STYLE = Automatic;
				CURRENT_PROJECT_VERSION = 1;
				GENERATE_INFOPLIST_FILE = YES;
				IPHONEOS_DEPLOYMENT_TARGET = 17.0;
				MARKETING_VERSION = 1.0;
				PRODUCT_BUNDLE_IDENTIFIER = "utec.edu.sv.Parcial4-2530892009Tests";
				PRODUCT_NAME = "$(TARGET_NAME)";
				SWIFT_EMIT_LOC_STRINGS = NO;
				SWIFT_VERSION = 5.0;
				TARGETED_DEVICE_FAMILY = "1,2";
				TEST_HOST = "$(BUILT_PRODUCTS_DIR)/Parcial4_2530892009.app/$(BUNDLE_EXECUTABLE_FOLDER_PATH)/Parcial4_2530892009";
			};
			name = Release;
		};
		94404D212B0A7C27003ADAA0 /* Debug */ = {
			isa = XCBuildConfiguration;
			buildSettings = {
				ALWAYS_EMBED_SWIFT_STANDARD_LIBRARIES = YES;
				CODE_SIGN_STYLE = Automatic;
				CURRENT_PROJECT_VERSION = 1;
				GENERATE_INFOPLIST_FILE = YES;
				MARKETING_VERSION = 1.0;
				PRODUCT_BUNDLE_IDENTIFIER = "utec.edu.sv.Parcial4-2530892009UITests";
				PRODUCT_NAME = "$(TARGET_NAME)";
				SWIFT_EMIT_LOC_STRINGS = NO;
				SWIFT_VERSION = 5.0;
				TARGETED_DEVICE_FAMILY = "1,2";
				TEST_TARGET_NAME = Parcial4_2530892009;
			};
			name = Debug;
		};
		94404D222B0A7C27003ADAA0 /* Release */ = {
			isa = XCBuildConfiguration;
			buildSettings = {
				ALWAYS_EMBED_SWIFT_STANDARD_LIBRARIES = YES;
				CODE_SIGN_STYLE = Automatic;
				CURRENT_PROJECT_VERSION = 1;
				GENERATE_INFOPLIST_FILE = YES;
				MARKETING_VERSION = 1.0;
				PRODUCT_BUNDLE_IDENTIFIER = "utec.edu.sv.Parcial4-2530892009UITests";
				PRODUCT_NAME = "$(TARGET_NAME)";
				SWIFT_EMIT_LOC_STRINGS = NO;
				SWIFT_VERSION = 5.0;
				TARGETED_DEVICE_FAMILY = "1,2";
				TEST_TARGET_NAME = Parcial4_2530892009;
			};
			name = Release;
		};
/* End XCBuildConfiguration section */

/* Begin XCConfigurationList section */
		94404CF12B0A7C25003ADAA0 /* Build configuration list for PBXProject "Parcial4_2530892009" */ = {
			isa = XCConfigurationList;
			buildConfigurations = (
				94404D182B0A7C27003ADAA0 /* Debug */,
				94404D192B0A7C27003ADAA0 /* Release */,
			);
			defaultConfigurationIsVisible = 0;
			defaultConfigurationName = Release;
		};
		94404D1A2B0A7C27003ADAA0 /* Build configuration list for PBXNativeTarget "Parcial4_2530892009" */ = {
			isa = XCConfigurationList;
			buildConfigurations = (
				94404D1B2B0A7C27003ADAA0 /* Debug */,
				94404D1C2B0A7C27003ADAA0 /* Release */,
			);
			defaultConfigurationIsVisible = 0;
			defaultConfigurationName = Release;
		};
		94404D1D2B0A7C27003ADAA0 /* Build configuration list for PBXNativeTarget "Parcial4_2530892009Tests" */ = {
			isa = XCConfigurationList;
			buildConfigurations = (
				94404D1E2B0A7C27003ADAA0 /* Debug */,
				94404D1F2B0A7C27003ADAA0 /* Release */,
			);
			defaultConfigurationIsVisible = 0;
			defaultConfigurationName = Release;
		};
		94404D202B0A7C27003ADAA0 /* Build configuration list for PBXNativeTarget "Parcial4_2530892009UITests" */ = {
			isa = XCConfigurationList;
			buildConfigurations = (
				94404D212B0A7C27003ADAA0 /* Debug */,
				94404D222B0A7C27003ADAA0 /* Release */,
			);
			defaultConfigurationIsVisible = 0;
			defaultConfigurationName = Release;
		};
/* End XCConfigurationList section */
	};
	rootObject = 94404CEE2B0A7C25003ADAA0 /* Project object */;
}
