// !$*UTF8*$!
{
	archiveVersion = 1;
	classes = {
	};
	objectVersion = 56;
	objects = {

/* Begin PBXBuildFile section */
		945D8FE52AB763E600FF69EF /* AppDelegate.swift in Sources */ = {isa = PBXBuildFile; fileRef = 945D8FE42AB763E600FF69EF /* AppDelegate.swift */; };
		945D8FE72AB763E600FF69EF /* SceneDelegate.swift in Sources */ = {isa = PBXBuildFile; fileRef = 945D8FE62AB763E600FF69EF /* SceneDelegate.swift */; };
		945D8FE92AB763E600FF69EF /* ViewController.swift in Sources */ = {isa = PBXBuildFile; fileRef = 945D8FE82AB763E600FF69EF /* ViewController.swift */; };
		945D8FEC2AB763E600FF69EF /* Main.storyboard in Resources */ = {isa = PBXBuildFile; fileRef = 945D8FEA2AB763E600FF69EF /* Main.storyboard */; };
		945D8FEE2AB763E800FF69EF /* Assets.xcassets in Resources */ = {isa = PBXBuildFile; fileRef = 945D8FED2AB763E800FF69EF /* Assets.xcassets */; };
		945D8FF12AB763E800FF69EF /* LaunchScreen.storyboard in Resources */ = {isa = PBXBuildFile; fileRef = 945D8FEF2AB763E800FF69EF /* LaunchScreen.storyboard */; };
		945D8FFC2AB763E800FF69EF /* IntroSWUIStoryTests.swift in Sources */ = {isa = PBXBuildFile; fileRef = 945D8FFB2AB763E800FF69EF /* IntroSWUIStoryTests.swift */; };
		945D90062AB763E800FF69EF /* IntroSWUIStoryUITests.swift in Sources */ = {isa = PBXBuildFile; fileRef = 945D90052AB763E800FF69EF /* IntroSWUIStoryUITests.swift */; };
		945D90082AB763E800FF69EF /* IntroSWUIStoryUITestsLaunchTests.swift in Sources */ = {isa = PBXBuildFile; fileRef = 945D90072AB763E800FF69EF /* IntroSWUIStoryUITestsLaunchTests.swift */; };
/* End PBXBuildFile section */

/* Begin PBXContainerItemProxy section */
		945D8FF82AB763E800FF69EF /* PBXContainerItemProxy */ = {
			isa = PBXContainerItemProxy;
			containerPortal = 945D8FD92AB763E600FF69EF /* Project object */;
			proxyType = 1;
			remoteGlobalIDString = 945D8FE02AB763E600FF69EF;
			remoteInfo = IntroSWUIStory;
		};
		945D90022AB763E800FF69EF /* PBXContainerItemProxy */ = {
			isa = PBXContainerItemProxy;
			containerPortal = 945D8FD92AB763E600FF69EF /* Project object */;
			proxyType = 1;
			remoteGlobalIDString = 945D8FE02AB763E600FF69EF;
			remoteInfo = IntroSWUIStory;
		};
/* End PBXContainerItemProxy section */

/* Begin PBXFileReference section */
		945D8FE12AB763E600FF69EF /* IntroSWUIStory.app */ = {isa = PBXFileReference; explicitFileType = wrapper.application; includeInIndex = 0; path = IntroSWUIStory.app; sourceTree = BUILT_PRODUCTS_DIR; };
		945D8FE42AB763E600FF69EF /* AppDelegate.swift */ = {isa = PBXFileReference; lastKnownFileType = sourcecode.swift; path = AppDelegate.swift; sourceTree = "<group>"; };
		945D8FE62AB763E600FF69EF /* SceneDelegate.swift */ = {isa = PBXFileReference; lastKnownFileType = sourcecode.swift; path = SceneDelegate.swift; sourceTree = "<group>"; };
		945D8FE82AB763E600FF69EF /* ViewController.swift */ = {isa = PBXFileReference; lastKnownFileType = sourcecode.swift; path = ViewController.swift; sourceTree = "<group>"; };
		945D8FEB2AB763E600FF69EF /* Base */ = {isa = PBXFileReference; lastKnownFileType = file.storyboard; name = Base; path = Base.lproj/Main.storyboard; sourceTree = "<group>"; };
		945D8FED2AB763E800FF69EF /* Assets.xcassets */ = {isa = PBXFileReference; lastKnownFileType = folder.assetcatalog; path = Assets.xcassets; sourceTree = "<group>"; };
		945D8FF02AB763E800FF69EF /* Base */ = {isa = PBXFileReference; lastKnownFileType = file.storyboard; name = Base; path = Base.lproj/LaunchScreen.storyboard; sourceTree = "<group>"; };
		945D8FF22AB763E800FF69EF /* Info.plist */ = {isa = PBXFileReference; lastKnownFileType = text.plist.xml; path = Info.plist; sourceTree = "<group>"; };
		945D8FF72AB763E800FF69EF /* IntroSWUIStoryTests.xctest */ = {isa = PBXFileReference; explicitFileType = wrapper.cfbundle; includeInIndex = 0; path = IntroSWUIStoryTests.xctest; sourceTree = BUILT_PRODUCTS_DIR; };
		945D8FFB2AB763E800FF69EF /* IntroSWUIStoryTests.swift */ = {isa = PBXFileReference; lastKnownFileType = sourcecode.swift; path = IntroSWUIStoryTests.swift; sourceTree = "<group>"; };
		945D90012AB763E800FF69EF /* IntroSWUIStoryUITests.xctest */ = {isa = PBXFileReference; explicitFileType = wrapper.cfbundle; includeInIndex = 0; path = IntroSWUIStoryUITests.xctest; sourceTree = BUILT_PRODUCTS_DIR; };
		945D90052AB763E800FF69EF /* IntroSWUIStoryUITests.swift */ = {isa = PBXFileReference; lastKnownFileType = sourcecode.swift; path = IntroSWUIStoryUITests.swift; sourceTree = "<group>"; };
		945D90072AB763E800FF69EF /* IntroSWUIStoryUITestsLaunchTests.swift */ = {isa = PBXFileReference; lastKnownFileType = sourcecode.swift; path = IntroSWUIStoryUITestsLaunchTests.swift; sourceTree = "<group>"; };
/* End PBXFileReference section */

/* Begin PBXFrameworksBuildPhase section */
		945D8FDE2AB763E600FF69EF /* Frameworks */ = {
			isa = PBXFrameworksBuildPhase;
			buildActionMask = 2147483647;
			files = (
			);
			runOnlyForDeploymentPostprocessing = 0;
		};
		945D8FF42AB763E800FF69EF /* Frameworks */ = {
			isa = PBXFrameworksBuildPhase;
			buildActionMask = 2147483647;
			files = (
			);
			runOnlyForDeploymentPostprocessing = 0;
		};
		945D8FFE2AB763E800FF69EF /* Frameworks */ = {
			isa = PBXFrameworksBuildPhase;
			buildActionMask = 2147483647;
			files = (
			);
			runOnlyForDeploymentPostprocessing = 0;
		};
/* End PBXFrameworksBuildPhase section */

/* Begin PBXGroup section */
		945D8FD82AB763E600FF69EF = {
			isa = PBXGroup;
			children = (
				945D8FE32AB763E600FF69EF /* IntroSWUIStory */,
				945D8FFA2AB763E800FF69EF /* IntroSWUIStoryTests */,
				945D90042AB763E800FF69EF /* IntroSWUIStoryUITests */,
				945D8FE22AB763E600FF69EF /* Products */,
			);
			sourceTree = "<group>";
		};
		945D8FE22AB763E600FF69EF /* Products */ = {
			isa = PBXGroup;
			children = (
				945D8FE12AB763E600FF69EF /* IntroSWUIStory.app */,
				945D8FF72AB763E800FF69EF /* IntroSWUIStoryTests.xctest */,
				945D90012AB763E800FF69EF /* IntroSWUIStoryUITests.xctest */,
			);
			name = Products;
			sourceTree = "<group>";
		};
		945D8FE32AB763E600FF69EF /* IntroSWUIStory */ = {
			isa = PBXGroup;
			children = (
				945D8FE42AB763E600FF69EF /* AppDelegate.swift */,
				945D8FE62AB763E600FF69EF /* SceneDelegate.swift */,
				945D8FE82AB763E600FF69EF /* ViewController.swift */,
				945D8FEA2AB763E600FF69EF /* Main.storyboard */,
				945D8FED2AB763E800FF69EF /* Assets.xcassets */,
				945D8FEF2AB763E800FF69EF /* LaunchScreen.storyboard */,
				945D8FF22AB763E800FF69EF /* Info.plist */,
			);
			path = IntroSWUIStory;
			sourceTree = "<group>";
		};
		945D8FFA2AB763E800FF69EF /* IntroSWUIStoryTests */ = {
			isa = PBXGroup;
			children = (
				945D8FFB2AB763E800FF69EF /* IntroSWUIStoryTests.swift */,
			);
			path = IntroSWUIStoryTests;
			sourceTree = "<group>";
		};
		945D90042AB763E800FF69EF /* IntroSWUIStoryUITests */ = {
			isa = PBXGroup;
			children = (
				945D90052AB763E800FF69EF /* IntroSWUIStoryUITests.swift */,
				945D90072AB763E800FF69EF /* IntroSWUIStoryUITestsLaunchTests.swift */,
			);
			path = IntroSWUIStoryUITests;
			sourceTree = "<group>";
		};
/* End PBXGroup section */

/* Begin PBXNativeTarget section */
		945D8FE02AB763E600FF69EF /* IntroSWUIStory */ = {
			isa = PBXNativeTarget;
			buildConfigurationList = 945D900B2AB763E800FF69EF /* Build configuration list for PBXNativeTarget "IntroSWUIStory" */;
			buildPhases = (
				945D8FDD2AB763E600FF69EF /* Sources */,
				945D8FDE2AB763E600FF69EF /* Frameworks */,
				945D8FDF2AB763E600FF69EF /* Resources */,
			);
			buildRules = (
			);
			dependencies = (
			);
			name = IntroSWUIStory;
			productName = IntroSWUIStory;
			productReference = 945D8FE12AB763E600FF69EF /* IntroSWUIStory.app */;
			productType = "com.apple.product-type.application";
		};
		945D8FF62AB763E800FF69EF /* IntroSWUIStoryTests */ = {
			isa = PBXNativeTarget;
			buildConfigurationList = 945D900E2AB763E800FF69EF /* Build configuration list for PBXNativeTarget "IntroSWUIStoryTests" */;
			buildPhases = (
				945D8FF32AB763E800FF69EF /* Sources */,
				945D8FF42AB763E800FF69EF /* Frameworks */,
				945D8FF52AB763E800FF69EF /* Resources */,
			);
			buildRules = (
			);
			dependencies = (
				945D8FF92AB763E800FF69EF /* PBXTargetDependency */,
			);
			name = IntroSWUIStoryTests;
			productName = IntroSWUIStoryTests;
			productReference = 945D8FF72AB763E800FF69EF /* IntroSWUIStoryTests.xctest */;
			productType = "com.apple.product-type.bundle.unit-test";
		};
		945D90002AB763E800FF69EF /* IntroSWUIStoryUITests */ = {
			isa = PBXNativeTarget;
			buildConfigurationList = 945D90112AB763E800FF69EF /* Build configuration list for PBXNativeTarget "IntroSWUIStoryUITests" */;
			buildPhases = (
				945D8FFD2AB763E800FF69EF /* Sources */,
				945D8FFE2AB763E800FF69EF /* Frameworks */,
				945D8FFF2AB763E800FF69EF /* Resources */,
			);
			buildRules = (
			);
			dependencies = (
				945D90032AB763E800FF69EF /* PBXTargetDependency */,
			);
			name = IntroSWUIStoryUITests;
			productName = IntroSWUIStoryUITests;
			productReference = 945D90012AB763E800FF69EF /* IntroSWUIStoryUITests.xctest */;
			productType = "com.apple.product-type.bundle.ui-testing";
		};
/* End PBXNativeTarget section */

/* Begin PBXProject section */
		945D8FD92AB763E600FF69EF /* Project object */ = {
			isa = PBXProject;
			attributes = {
				BuildIndependentTargetsInParallel = 1;
				LastSwiftUpdateCheck = 1430;
				LastUpgradeCheck = 1430;
				TargetAttributes = {
					945D8FE02AB763E600FF69EF = {
						CreatedOnToolsVersion = 14.3.1;
					};
					945D8FF62AB763E800FF69EF = {
						CreatedOnToolsVersion = 14.3.1;
						TestTargetID = 945D8FE02AB763E600FF69EF;
					};
					945D90002AB763E800FF69EF = {
						CreatedOnToolsVersion = 14.3.1;
						TestTargetID = 945D8FE02AB763E600FF69EF;
					};
				};
			};
			buildConfigurationList = 945D8FDC2AB763E600FF69EF /* Build configuration list for PBXProject "IntroSWUIStory" */;
			compatibilityVersion = "Xcode 14.0";
			developmentRegion = en;
			hasScannedForEncodings = 0;
			knownRegions = (
				en,
				Base,
			);
			mainGroup = 945D8FD82AB763E600FF69EF;
			productRefGroup = 945D8FE22AB763E600FF69EF /* Products */;
			projectDirPath = "";
			projectRoot = "";
			targets = (
				945D8FE02AB763E600FF69EF /* IntroSWUIStory */,
				945D8FF62AB763E800FF69EF /* IntroSWUIStoryTests */,
				945D90002AB763E800FF69EF /* IntroSWUIStoryUITests */,
			);
		};
/* End PBXProject section */

/* Begin PBXResourcesBuildPhase section */
		945D8FDF2AB763E600FF69EF /* Resources */ = {
			isa = PBXResourcesBuildPhase;
			buildActionMask = 2147483647;
			files = (
				945D8FF12AB763E800FF69EF /* LaunchScreen.storyboard in Resources */,
				945D8FEE2AB763E800FF69EF /* Assets.xcassets in Resources */,
				945D8FEC2AB763E600FF69EF /* Main.storyboard in Resources */,
			);
			runOnlyForDeploymentPostprocessing = 0;
		};
		945D8FF52AB763E800FF69EF /* Resources */ = {
			isa = PBXResourcesBuildPhase;
			buildActionMask = 2147483647;
			files = (
			);
			runOnlyForDeploymentPostprocessing = 0;
		};
		945D8FFF2AB763E800FF69EF /* Resources */ = {
			isa = PBXResourcesBuildPhase;
			buildActionMask = 2147483647;
			files = (
			);
			runOnlyForDeploymentPostprocessing = 0;
		};
/* End PBXResourcesBuildPhase section */

/* Begin PBXSourcesBuildPhase section */
		945D8FDD2AB763E600FF69EF /* Sources */ = {
			isa = PBXSourcesBuildPhase;
			buildActionMask = 2147483647;
			files = (
				945D8FE92AB763E600FF69EF /* ViewController.swift in Sources */,
				945D8FE52AB763E600FF69EF /* AppDelegate.swift in Sources */,
				945D8FE72AB763E600FF69EF /* SceneDelegate.swift in Sources */,
			);
			runOnlyForDeploymentPostprocessing = 0;
		};
		945D8FF32AB763E800FF69EF /* Sources */ = {
			isa = PBXSourcesBuildPhase;
			buildActionMask = 2147483647;
			files = (
				945D8FFC2AB763E800FF69EF /* IntroSWUIStoryTests.swift in Sources */,
			);
			runOnlyForDeploymentPostprocessing = 0;
		};
		945D8FFD2AB763E800FF69EF /* Sources */ = {
			isa = PBXSourcesBuildPhase;
			buildActionMask = 2147483647;
			files = (
				945D90062AB763E800FF69EF /* IntroSWUIStoryUITests.swift in Sources */,
				945D90082AB763E800FF69EF /* IntroSWUIStoryUITestsLaunchTests.swift in Sources */,
			);
			runOnlyForDeploymentPostprocessing = 0;
		};
/* End PBXSourcesBuildPhase section */

/* Begin PBXTargetDependency section */
		945D8FF92AB763E800FF69EF /* PBXTargetDependency */ = {
			isa = PBXTargetDependency;
			target = 945D8FE02AB763E600FF69EF /* IntroSWUIStory */;
			targetProxy = 945D8FF82AB763E800FF69EF /* PBXContainerItemProxy */;
		};
		945D90032AB763E800FF69EF /* PBXTargetDependency */ = {
			isa = PBXTargetDependency;
			target = 945D8FE02AB763E600FF69EF /* IntroSWUIStory */;
			targetProxy = 945D90022AB763E800FF69EF /* PBXContainerItemProxy */;
		};
/* End PBXTargetDependency section */

/* Begin PBXVariantGroup section */
		945D8FEA2AB763E600FF69EF /* Main.storyboard */ = {
			isa = PBXVariantGroup;
			children = (
				945D8FEB2AB763E600FF69EF /* Base */,
			);
			name = Main.storyboard;
			sourceTree = "<group>";
		};
		945D8FEF2AB763E800FF69EF /* LaunchScreen.storyboard */ = {
			isa = PBXVariantGroup;
			children = (
				945D8FF02AB763E800FF69EF /* Base */,
			);
			name = LaunchScreen.storyboard;
			sourceTree = "<group>";
		};
/* End PBXVariantGroup section */

/* Begin XCBuildConfiguration section */
		945D90092AB763E800FF69EF /* Debug */ = {
			isa = XCBuildConfiguration;
			buildSettings = {
				ALWAYS_SEARCH_USER_PATHS = NO;
				CLANG_ANALYZER_NONNULL = YES;
				CLANG_ANALYZER_NUMBER_OBJECT_CONVERSION = YES_AGGRESSIVE;
				CLANG_CXX_LANGUAGE_STANDARD = "gnu++20";
				CLANG_ENABLE_MODULES = YES;
				CLANG_ENABLE_OBJC_ARC = YES;
				CLANG_ENABLE_OBJC_WEAK = YES;
				CLANG_WARN_BLOCK_CAPTURE_AUTORELEASING = YES;
				CLANG_WARN_BOOL_CONVERSION = YES;
				CLANG_WARN_COMMA = YES;
				CLANG_WARN_CONSTANT_CONVERSION = YES;
				CLANG_WARN_DEPRECATED_OBJC_IMPLEMENTATIONS = YES;
				CLANG_WARN_DIRECT_OBJC_ISA_USAGE = YES_ERROR;
				CLANG_WARN_DOCUMENTATION_COMMENTS = YES;
				CLANG_WARN_EMPTY_BODY = YES;
				CLANG_WARN_ENUM_CONVERSION = YES;
				CLANG_WARN_INFINITE_RECURSION = YES;
				CLANG_WARN_INT_CONVERSION = YES;
				CLANG_WARN_NON_LITERAL_NULL_CONVERSION = YES;
				CLANG_WARN_OBJC_IMPLICIT_RETAIN_SELF = YES;
				CLANG_WARN_OBJC_LITERAL_CONVERSION = YES;
				CLANG_WARN_OBJC_ROOT_CLASS = YES_ERROR;
				CLANG_WARN_QUOTED_INCLUDE_IN_FRAMEWORK_HEADER = YES;
				CLANG_WARN_RANGE_LOOP_ANALYSIS = YES;
				CLANG_WARN_STRICT_PROTOTYPES = YES;
				CLANG_WARN_SUSPICIOUS_MOVE = YES;
				CLANG_WARN_UNGUARDED_AVAILABILITY = YES_AGGRESSIVE;
				CLANG_WARN_UNREACHABLE_CODE = YES;
				CLANG_WARN__DUPLICATE_METHOD_MATCH = YES;
				COPY_PHASE_STRIP = NO;
				DEBUG_INFORMATION_FORMAT = dwarf;
				ENABLE_STRICT_OBJC_MSGSEND = YES;
				ENABLE_TESTABILITY = YES;
				GCC_C_LANGUAGE_STANDARD = gnu11;
				GCC_DYNAMIC_NO_PIC = NO;
				GCC_NO_COMMON_BLOCKS = YES;
				GCC_OPTIMIZATION_LEVEL = 0;
				GCC_PREPROCESSOR_DEFINITIONS = (
					"DEBUG=1",
					"$(inherited)",
				);
				GCC_WARN_64_TO_32_BIT_CONVERSION = YES;
				GCC_WARN_ABOUT_RETURN_TYPE = YES_ERROR;
				GCC_WARN_UNDECLARED_SELECTOR = YES;
				GCC_WARN_UNINITIALIZED_AUTOS = YES_AGGRESSIVE;
				GCC_WARN_UNUSED_FUNCTION = YES;
				GCC_WARN_UNUSED_VARIABLE = YES;
				IPHONEOS_DEPLOYMENT_TARGET = 16.4;
				MTL_ENABLE_DEBUG_INFO = INCLUDE_SOURCE;
				MTL_FAST_MATH = YES;
				ONLY_ACTIVE_ARCH = YES;
				SDKROOT = iphoneos;
				SWIFT_ACTIVE_COMPILATION_CONDITIONS = DEBUG;
				SWIFT_OPTIMIZATION_LEVEL = "-Onone";
			};
			name = Debug;
		};
		945D900A2AB763E800FF69EF /* Release */ = {
			isa = XCBuildConfiguration;
			buildSettings = {
				ALWAYS_SEARCH_USER_PATHS = NO;
				CLANG_ANALYZER_NONNULL = YES;
				CLANG_ANALYZER_NUMBER_OBJECT_CONVERSION = YES_AGGRESSIVE;
				CLANG_CXX_LANGUAGE_STANDARD = "gnu++20";
				CLANG_ENABLE_MODULES = YES;
				CLANG_ENABLE_OBJC_ARC = YES;
				CLANG_ENABLE_OBJC_WEAK = YES;
				CLANG_WARN_BLOCK_CAPTURE_AUTORELEASING = YES;
				CLANG_WARN_BOOL_CONVERSION = YES;
				CLANG_WARN_COMMA = YES;
				CLANG_WARN_CONSTANT_CONVERSION = YES;
				CLANG_WARN_DEPRECATED_OBJC_IMPLEMENTATIONS = YES;
				CLANG_WARN_DIRECT_OBJC_ISA_USAGE = YES_ERROR;
				CLANG_WARN_DOCUMENTATION_COMMENTS = YES;
				CLANG_WARN_EMPTY_BODY = YES;
				CLANG_WARN_ENUM_CONVERSION = YES;
				CLANG_WARN_INFINITE_RECURSION = YES;
				CLANG_WARN_INT_CONVERSION = YES;
				CLANG_WARN_NON_LITERAL_NULL_CONVERSION = YES;
				CLANG_WARN_OBJC_IMPLICIT_RETAIN_SELF = YES;
				CLANG_WARN_OBJC_LITERAL_CONVERSION = YES;
				CLANG_WARN_OBJC_ROOT_CLASS = YES_ERROR;
				CLANG_WARN_QUOTED_INCLUDE_IN_FRAMEWORK_HEADER = YES;
				CLANG_WARN_RANGE_LOOP_ANALYSIS = YES;
				CLANG_WARN_STRICT_PROTOTYPES = YES;
				CLANG_WARN_SUSPICIOUS_MOVE = YES;
				CLANG_WARN_UNGUARDED_AVAILABILITY = YES_AGGRESSIVE;
				CLANG_WARN_UNREACHABLE_CODE = YES;
				CLANG_WARN__DUPLICATE_METHOD_MATCH = YES;
				COPY_PHASE_STRIP = NO;
				DEBUG_INFORMATION_FORMAT = "dwarf-with-dsym";
				ENABLE_NS_ASSERTIONS = NO;
				ENABLE_STRICT_OBJC_MSGSEND = YES;
				GCC_C_LANGUAGE_STANDARD = gnu11;
				GCC_NO_COMMON_BLOCKS = YES;
				GCC_WARN_64_TO_32_BIT_CONVERSION = YES;
				GCC_WARN_ABOUT_RETURN_TYPE = YES_ERROR;
				GCC_WARN_UNDECLARED_SELECTOR = YES;
				GCC_WARN_UNINITIALIZED_AUTOS = YES_AGGRESSIVE;
				GCC_WARN_UNUSED_FUNCTION = YES;
				GCC_WARN_UNUSED_VARIABLE = YES;
				IPHONEOS_DEPLOYMENT_TARGET = 16.4;
				MTL_ENABLE_DEBUG_INFO = NO;
				MTL_FAST_MATH = YES;
				SDKROOT = iphoneos;
				SWIFT_COMPILATION_MODE = wholemodule;
				SWIFT_OPTIMIZATION_LEVEL = "-O";
				VALIDATE_PRODUCT = YES;
			};
			name = Release;
		};
		945D900C2AB763E800FF69EF /* Debug */ = {
			isa = XCBuildConfiguration;
			buildSettings = {
				ASSETCATALOG_COMPILER_APPICON_NAME = AppIcon;
				ASSETCATALOG_COMPILER_GLOBAL_ACCENT_COLOR_NAME = AccentColor;
				CODE_SIGN_STYLE = Automatic;
				CURRENT_PROJECT_VERSION = 1;
				GENERATE_INFOPLIST_FILE = YES;
				INFOPLIST_FILE = IntroSWUIStory/Info.plist;
				INFOPLIST_KEY_UIApplicationSupportsIndirectInputEvents = YES;
				INFOPLIST_KEY_UILaunchStoryboardName = LaunchScreen;
				INFOPLIST_KEY_UIMainStoryboardFile = Main;
				INFOPLIST_KEY_UISupportedInterfaceOrientations_iPad = "UIInterfaceOrientationPortrait UIInterfaceOrientationPortraitUpsideDown UIInterfaceOrientationLandscapeLeft UIInterfaceOrientationLandscapeRight";
				INFOPLIST_KEY_UISupportedInterfaceOrientations_iPhone = "UIInterfaceOrientationPortrait UIInterfaceOrientationLandscapeLeft UIInterfaceOrientationLandscapeRight";
				LD_RUNPATH_SEARCH_PATHS = (
					"$(inherited)",
					"@executable_path/Frameworks",
				);
				MARKETING_VERSION = 1.0;
				PRODUCT_BUNDLE_IDENTIFIER = com.rcfloresh.IntroSWUIStory;
				PRODUCT_NAME = "$(TARGET_NAME)";
				SWIFT_EMIT_LOC_STRINGS = YES;
				SWIFT_VERSION = 5.0;
				TARGETED_DEVICE_FAMILY = "1,2";
			};
			name = Debug;
		};
		945D900D2AB763E800FF69EF /* Release */ = {
			isa = XCBuildConfiguration;
			buildSettings = {
				ASSETCATALOG_COMPILER_APPICON_NAME = AppIcon;
				ASSETCATALOG_COMPILER_GLOBAL_ACCENT_COLOR_NAME = AccentColor;
				CODE_SIGN_STYLE = Automatic;
				CURRENT_PROJECT_VERSION = 1;
				GENERATE_INFOPLIST_FILE = YES;
				INFOPLIST_FILE = IntroSWUIStory/Info.plist;
				INFOPLIST_KEY_UIApplicationSupportsIndirectInputEvents = YES;
				INFOPLIST_KEY_UILaunchStoryboardName = LaunchScreen;
				INFOPLIST_KEY_UIMainStoryboardFile = Main;
				INFOPLIST_KEY_UISupportedInterfaceOrientations_iPad = "UIInterfaceOrientationPortrait UIInterfaceOrientationPortraitUpsideDown UIInterfaceOrientationLandscapeLeft UIInterfaceOrientationLandscapeRight";
				INFOPLIST_KEY_UISupportedInterfaceOrientations_iPhone = "UIInterfaceOrientationPortrait UIInterfaceOrientationLandscapeLeft UIInterfaceOrientationLandscapeRight";
				LD_RUNPATH_SEARCH_PATHS = (
					"$(inherited)",
					"@executable_path/Frameworks",
				);
				MARKETING_VERSION = 1.0;
				PRODUCT_BUNDLE_IDENTIFIER = com.rcfloresh.IntroSWUIStory;
				PRODUCT_NAME = "$(TARGET_NAME)";
				SWIFT_EMIT_LOC_STRINGS = YES;
				SWIFT_VERSION = 5.0;
				TARGETED_DEVICE_FAMILY = "1,2";
			};
			name = Release;
		};
		945D900F2AB763E800FF69EF /* Debug */ = {
			isa = XCBuildConfiguration;
			buildSettings = {
				ALWAYS_EMBED_SWIFT_STANDARD_LIBRARIES = YES;
				BUNDLE_LOADER = "$(TEST_HOST)";
				CODE_SIGN_STYLE = Automatic;
				CURRENT_PROJECT_VERSION = 1;
				GENERATE_INFOPLIST_FILE = YES;
				IPHONEOS_DEPLOYMENT_TARGET = 16.4;
				MARKETING_VERSION = 1.0;
				PRODUCT_BUNDLE_IDENTIFIER = com.rcfloresh.IntroSWUIStoryTests;
				PRODUCT_NAME = "$(TARGET_NAME)";
				SWIFT_EMIT_LOC_STRINGS = NO;
				SWIFT_VERSION = 5.0;
				TARGETED_DEVICE_FAMILY = "1,2";
				TEST_HOST = "$(BUILT_PRODUCTS_DIR)/IntroSWUIStory.app/$(BUNDLE_EXECUTABLE_FOLDER_PATH)/IntroSWUIStory";
			};
			name = Debug;
		};
		945D90102AB763E800FF69EF /* Release */ = {
			isa = XCBuildConfiguration;
			buildSettings = {
				ALWAYS_EMBED_SWIFT_STANDARD_LIBRARIES = YES;
				BUNDLE_LOADER = "$(TEST_HOST)";
				CODE_SIGN_STYLE = Automatic;
				CURRENT_PROJECT_VERSION = 1;
				GENERATE_INFOPLIST_FILE = YES;
				IPHONEOS_DEPLOYMENT_TARGET = 16.4;
				MARKETING_VERSION = 1.0;
				PRODUCT_BUNDLE_IDENTIFIER = com.rcfloresh.IntroSWUIStoryTests;
				PRODUCT_NAME = "$(TARGET_NAME)";
				SWIFT_EMIT_LOC_STRINGS = NO;
				SWIFT_VERSION = 5.0;
				TARGETED_DEVICE_FAMILY = "1,2";
				TEST_HOST = "$(BUILT_PRODUCTS_DIR)/IntroSWUIStory.app/$(BUNDLE_EXECUTABLE_FOLDER_PATH)/IntroSWUIStory";
			};
			name = Release;
		};
		945D90122AB763E800FF69EF /* Debug */ = {
			isa = XCBuildConfiguration;
			buildSettings = {
				ALWAYS_EMBED_SWIFT_STANDARD_LIBRARIES = YES;
				CODE_SIGN_STYLE = Automatic;
				CURRENT_PROJECT_VERSION = 1;
				GENERATE_INFOPLIST_FILE = YES;
				MARKETING_VERSION = 1.0;
				PRODUCT_BUNDLE_IDENTIFIER = com.rcfloresh.IntroSWUIStoryUITests;
				PRODUCT_NAME = "$(TARGET_NAME)";
				SWIFT_EMIT_LOC_STRINGS = NO;
				SWIFT_VERSION = 5.0;
				TARGETED_DEVICE_FAMILY = "1,2";
				TEST_TARGET_NAME = IntroSWUIStory;
			};
			name = Debug;
		};
		945D90132AB763E800FF69EF /* Release */ = {
			isa = XCBuildConfiguration;
			buildSettings = {
				ALWAYS_EMBED_SWIFT_STANDARD_LIBRARIES = YES;
				CODE_SIGN_STYLE = Automatic;
				CURRENT_PROJECT_VERSION = 1;
				GENERATE_INFOPLIST_FILE = YES;
				MARKETING_VERSION = 1.0;
				PRODUCT_BUNDLE_IDENTIFIER = com.rcfloresh.IntroSWUIStoryUITests;
				PRODUCT_NAME = "$(TARGET_NAME)";
				SWIFT_EMIT_LOC_STRINGS = NO;
				SWIFT_VERSION = 5.0;
				TARGETED_DEVICE_FAMILY = "1,2";
				TEST_TARGET_NAME = IntroSWUIStory;
			};
			name = Release;
		};
/* End XCBuildConfiguration section */

/* Begin XCConfigurationList section */
		945D8FDC2AB763E600FF69EF /* Build configuration list for PBXProject "IntroSWUIStory" */ = {
			isa = XCConfigurationList;
			buildConfigurations = (
				945D90092AB763E800FF69EF /* Debug */,
				945D900A2AB763E800FF69EF /* Release */,
			);
			defaultConfigurationIsVisible = 0;
			defaultConfigurationName = Release;
		};
		945D900B2AB763E800FF69EF /* Build configuration list for PBXNativeTarget "IntroSWUIStory" */ = {
			isa = XCConfigurationList;
			buildConfigurations = (
				945D900C2AB763E800FF69EF /* Debug */,
				945D900D2AB763E800FF69EF /* Release */,
			);
			defaultConfigurationIsVisible = 0;
			defaultConfigurationName = Release;
		};
		945D900E2AB763E800FF69EF /* Build configuration list for PBXNativeTarget "IntroSWUIStoryTests" */ = {
			isa = XCConfigurationList;
			buildConfigurations = (
				945D900F2AB763E800FF69EF /* Debug */,
				945D90102AB763E800FF69EF /* Release */,
			);
			defaultConfigurationIsVisible = 0;
			defaultConfigurationName = Release;
		};
		945D90112AB763E800FF69EF /* Build configuration list for PBXNativeTarget "IntroSWUIStoryUITests" */ = {
			isa = XCConfigurationList;
			buildConfigurations = (
				945D90122AB763E800FF69EF /* Debug */,
				945D90132AB763E800FF69EF /* Release */,
			);
			defaultConfigurationIsVisible = 0;
			defaultConfigurationName = Release;
		};
/* End XCConfigurationList section */
	};
	rootObject = 945D8FD92AB763E600FF69EF /* Project object */;
}
