// !$*UTF8*$!
{
	archiveVersion = 1;
	classes = {
	};
	objectVersion = 56;
	objects = {

/* Begin PBXBuildFile section */
		94D9139E2AE5857C00BAA094 /* cparcial2530892009App.swift in Sources */ = {isa = PBXBuildFile; fileRef = 94D9139D2AE5857C00BAA094 /* cparcial2530892009App.swift */; };
		94D913A02AE5857C00BAA094 /* ContentView.swift in Sources */ = {isa = PBXBuildFile; fileRef = 94D9139F2AE5857C00BAA094 /* ContentView.swift */; };
		94D913A22AE5857E00BAA094 /* Assets.xcassets in Resources */ = {isa = PBXBuildFile; fileRef = 94D913A12AE5857E00BAA094 /* Assets.xcassets */; };
		94D913A52AE5857E00BAA094 /* Preview Assets.xcassets in Resources */ = {isa = PBXBuildFile; fileRef = 94D913A42AE5857E00BAA094 /* Preview Assets.xcassets */; };
		94D913AF2AE5857E00BAA094 /* cparcial2530892009Tests.swift in Sources */ = {isa = PBXBuildFile; fileRef = 94D913AE2AE5857E00BAA094 /* cparcial2530892009Tests.swift */; };
		94D913B92AE5857E00BAA094 /* cparcial2530892009UITests.swift in Sources */ = {isa = PBXBuildFile; fileRef = 94D913B82AE5857E00BAA094 /* cparcial2530892009UITests.swift */; };
		94D913BB2AE5857E00BAA094 /* cparcial2530892009UITestsLaunchTests.swift in Sources */ = {isa = PBXBuildFile; fileRef = 94D913BA2AE5857E00BAA094 /* cparcial2530892009UITestsLaunchTests.swift */; };
/* End PBXBuildFile section */

/* Begin PBXContainerItemProxy section */
		94D913AB2AE5857E00BAA094 /* PBXContainerItemProxy */ = {
			isa = PBXContainerItemProxy;
			containerPortal = 94D913922AE5857C00BAA094 /* Project object */;
			proxyType = 1;
			remoteGlobalIDString = 94D913992AE5857C00BAA094;
			remoteInfo = cparcial2530892009;
		};
		94D913B52AE5857E00BAA094 /* PBXContainerItemProxy */ = {
			isa = PBXContainerItemProxy;
			containerPortal = 94D913922AE5857C00BAA094 /* Project object */;
			proxyType = 1;
			remoteGlobalIDString = 94D913992AE5857C00BAA094;
			remoteInfo = cparcial2530892009;
		};
/* End PBXContainerItemProxy section */

/* Begin PBXFileReference section */
		94D9139A2AE5857C00BAA094 /* cparcial2530892009.app */ = {isa = PBXFileReference; explicitFileType = wrapper.application; includeInIndex = 0; path = cparcial2530892009.app; sourceTree = BUILT_PRODUCTS_DIR; };
		94D9139D2AE5857C00BAA094 /* cparcial2530892009App.swift */ = {isa = PBXFileReference; lastKnownFileType = sourcecode.swift; path = cparcial2530892009App.swift; sourceTree = "<group>"; };
		94D9139F2AE5857C00BAA094 /* ContentView.swift */ = {isa = PBXFileReference; lastKnownFileType = sourcecode.swift; path = ContentView.swift; sourceTree = "<group>"; };
		94D913A12AE5857E00BAA094 /* Assets.xcassets */ = {isa = PBXFileReference; lastKnownFileType = folder.assetcatalog; path = Assets.xcassets; sourceTree = "<group>"; };
		94D913A42AE5857E00BAA094 /* Preview Assets.xcassets */ = {isa = PBXFileReference; lastKnownFileType = folder.assetcatalog; path = "Preview Assets.xcassets"; sourceTree = "<group>"; };
		94D913AA2AE5857E00BAA094 /* cparcial2530892009Tests.xctest */ = {isa = PBXFileReference; explicitFileType = wrapper.cfbundle; includeInIndex = 0; path = cparcial2530892009Tests.xctest; sourceTree = BUILT_PRODUCTS_DIR; };
		94D913AE2AE5857E00BAA094 /* cparcial2530892009Tests.swift */ = {isa = PBXFileReference; lastKnownFileType = sourcecode.swift; path = cparcial2530892009Tests.swift; sourceTree = "<group>"; };
		94D913B42AE5857E00BAA094 /* cparcial2530892009UITests.xctest */ = {isa = PBXFileReference; explicitFileType = wrapper.cfbundle; includeInIndex = 0; path = cparcial2530892009UITests.xctest; sourceTree = BUILT_PRODUCTS_DIR; };
		94D913B82AE5857E00BAA094 /* cparcial2530892009UITests.swift */ = {isa = PBXFileReference; lastKnownFileType = sourcecode.swift; path = cparcial2530892009UITests.swift; sourceTree = "<group>"; };
		94D913BA2AE5857E00BAA094 /* cparcial2530892009UITestsLaunchTests.swift */ = {isa = PBXFileReference; lastKnownFileType = sourcecode.swift; path = cparcial2530892009UITestsLaunchTests.swift; sourceTree = "<group>"; };
/* End PBXFileReference section */

/* Begin PBXFrameworksBuildPhase section */
		94D913972AE5857C00BAA094 /* Frameworks */ = {
			isa = PBXFrameworksBuildPhase;
			buildActionMask = 2147483647;
			files = (
			);
			runOnlyForDeploymentPostprocessing = 0;
		};
		94D913A72AE5857E00BAA094 /* Frameworks */ = {
			isa = PBXFrameworksBuildPhase;
			buildActionMask = 2147483647;
			files = (
			);
			runOnlyForDeploymentPostprocessing = 0;
		};
		94D913B12AE5857E00BAA094 /* Frameworks */ = {
			isa = PBXFrameworksBuildPhase;
			buildActionMask = 2147483647;
			files = (
			);
			runOnlyForDeploymentPostprocessing = 0;
		};
/* End PBXFrameworksBuildPhase section */

/* Begin PBXGroup section */
		94D913912AE5857C00BAA094 = {
			isa = PBXGroup;
			children = (
				94D9139C2AE5857C00BAA094 /* cparcial2530892009 */,
				94D913AD2AE5857E00BAA094 /* cparcial2530892009Tests */,
				94D913B72AE5857E00BAA094 /* cparcial2530892009UITests */,
				94D9139B2AE5857C00BAA094 /* Products */,
			);
			sourceTree = "<group>";
		};
		94D9139B2AE5857C00BAA094 /* Products */ = {
			isa = PBXGroup;
			children = (
				94D9139A2AE5857C00BAA094 /* cparcial2530892009.app */,
				94D913AA2AE5857E00BAA094 /* cparcial2530892009Tests.xctest */,
				94D913B42AE5857E00BAA094 /* cparcial2530892009UITests.xctest */,
			);
			name = Products;
			sourceTree = "<group>";
		};
		94D9139C2AE5857C00BAA094 /* cparcial2530892009 */ = {
			isa = PBXGroup;
			children = (
				94D9139D2AE5857C00BAA094 /* cparcial2530892009App.swift */,
				94D9139F2AE5857C00BAA094 /* ContentView.swift */,
				94D913A12AE5857E00BAA094 /* Assets.xcassets */,
				94D913A32AE5857E00BAA094 /* Preview Content */,
			);
			path = cparcial2530892009;
			sourceTree = "<group>";
		};
		94D913A32AE5857E00BAA094 /* Preview Content */ = {
			isa = PBXGroup;
			children = (
				94D913A42AE5857E00BAA094 /* Preview Assets.xcassets */,
			);
			path = "Preview Content";
			sourceTree = "<group>";
		};
		94D913AD2AE5857E00BAA094 /* cparcial2530892009Tests */ = {
			isa = PBXGroup;
			children = (
				94D913AE2AE5857E00BAA094 /* cparcial2530892009Tests.swift */,
			);
			path = cparcial2530892009Tests;
			sourceTree = "<group>";
		};
		94D913B72AE5857E00BAA094 /* cparcial2530892009UITests */ = {
			isa = PBXGroup;
			children = (
				94D913B82AE5857E00BAA094 /* cparcial2530892009UITests.swift */,
				94D913BA2AE5857E00BAA094 /* cparcial2530892009UITestsLaunchTests.swift */,
			);
			path = cparcial2530892009UITests;
			sourceTree = "<group>";
		};
/* End PBXGroup section */

/* Begin PBXNativeTarget section */
		94D913992AE5857C00BAA094 /* cparcial2530892009 */ = {
			isa = PBXNativeTarget;
			buildConfigurationList = 94D913BE2AE5857E00BAA094 /* Build configuration list for PBXNativeTarget "cparcial2530892009" */;
			buildPhases = (
				94D913962AE5857C00BAA094 /* Sources */,
				94D913972AE5857C00BAA094 /* Frameworks */,
				94D913982AE5857C00BAA094 /* Resources */,
			);
			buildRules = (
			);
			dependencies = (
			);
			name = cparcial2530892009;
			productName = cparcial2530892009;
			productReference = 94D9139A2AE5857C00BAA094 /* cparcial2530892009.app */;
			productType = "com.apple.product-type.application";
		};
		94D913A92AE5857E00BAA094 /* cparcial2530892009Tests */ = {
			isa = PBXNativeTarget;
			buildConfigurationList = 94D913C12AE5857E00BAA094 /* Build configuration list for PBXNativeTarget "cparcial2530892009Tests" */;
			buildPhases = (
				94D913A62AE5857E00BAA094 /* Sources */,
				94D913A72AE5857E00BAA094 /* Frameworks */,
				94D913A82AE5857E00BAA094 /* Resources */,
			);
			buildRules = (
			);
			dependencies = (
				94D913AC2AE5857E00BAA094 /* PBXTargetDependency */,
			);
			name = cparcial2530892009Tests;
			productName = cparcial2530892009Tests;
			productReference = 94D913AA2AE5857E00BAA094 /* cparcial2530892009Tests.xctest */;
			productType = "com.apple.product-type.bundle.unit-test";
		};
		94D913B32AE5857E00BAA094 /* cparcial2530892009UITests */ = {
			isa = PBXNativeTarget;
			buildConfigurationList = 94D913C42AE5857E00BAA094 /* Build configuration list for PBXNativeTarget "cparcial2530892009UITests" */;
			buildPhases = (
				94D913B02AE5857E00BAA094 /* Sources */,
				94D913B12AE5857E00BAA094 /* Frameworks */,
				94D913B22AE5857E00BAA094 /* Resources */,
			);
			buildRules = (
			);
			dependencies = (
				94D913B62AE5857E00BAA094 /* PBXTargetDependency */,
			);
			name = cparcial2530892009UITests;
			productName = cparcial2530892009UITests;
			productReference = 94D913B42AE5857E00BAA094 /* cparcial2530892009UITests.xctest */;
			productType = "com.apple.product-type.bundle.ui-testing";
		};
/* End PBXNativeTarget section */

/* Begin PBXProject section */
		94D913922AE5857C00BAA094 /* Project object */ = {
			isa = PBXProject;
			attributes = {
				BuildIndependentTargetsInParallel = 1;
				LastSwiftUpdateCheck = 1500;
				LastUpgradeCheck = 1500;
				TargetAttributes = {
					94D913992AE5857C00BAA094 = {
						CreatedOnToolsVersion = 15.0.1;
					};
					94D913A92AE5857E00BAA094 = {
						CreatedOnToolsVersion = 15.0.1;
						TestTargetID = 94D913992AE5857C00BAA094;
					};
					94D913B32AE5857E00BAA094 = {
						CreatedOnToolsVersion = 15.0.1;
						TestTargetID = 94D913992AE5857C00BAA094;
					};
				};
			};
			buildConfigurationList = 94D913952AE5857C00BAA094 /* Build configuration list for PBXProject "cparcial2530892009" */;
			compatibilityVersion = "Xcode 14.0";
			developmentRegion = en;
			hasScannedForEncodings = 0;
			knownRegions = (
				en,
				Base,
			);
			mainGroup = 94D913912AE5857C00BAA094;
			productRefGroup = 94D9139B2AE5857C00BAA094 /* Products */;
			projectDirPath = "";
			projectRoot = "";
			targets = (
				94D913992AE5857C00BAA094 /* cparcial2530892009 */,
				94D913A92AE5857E00BAA094 /* cparcial2530892009Tests */,
				94D913B32AE5857E00BAA094 /* cparcial2530892009UITests */,
			);
		};
/* End PBXProject section */

/* Begin PBXResourcesBuildPhase section */
		94D913982AE5857C00BAA094 /* Resources */ = {
			isa = PBXResourcesBuildPhase;
			buildActionMask = 2147483647;
			files = (
				94D913A52AE5857E00BAA094 /* Preview Assets.xcassets in Resources */,
				94D913A22AE5857E00BAA094 /* Assets.xcassets in Resources */,
			);
			runOnlyForDeploymentPostprocessing = 0;
		};
		94D913A82AE5857E00BAA094 /* Resources */ = {
			isa = PBXResourcesBuildPhase;
			buildActionMask = 2147483647;
			files = (
			);
			runOnlyForDeploymentPostprocessing = 0;
		};
		94D913B22AE5857E00BAA094 /* Resources */ = {
			isa = PBXResourcesBuildPhase;
			buildActionMask = 2147483647;
			files = (
			);
			runOnlyForDeploymentPostprocessing = 0;
		};
/* End PBXResourcesBuildPhase section */

/* Begin PBXSourcesBuildPhase section */
		94D913962AE5857C00BAA094 /* Sources */ = {
			isa = PBXSourcesBuildPhase;
			buildActionMask = 2147483647;
			files = (
				94D913A02AE5857C00BAA094 /* ContentView.swift in Sources */,
				94D9139E2AE5857C00BAA094 /* cparcial2530892009App.swift in Sources */,
			);
			runOnlyForDeploymentPostprocessing = 0;
		};
		94D913A62AE5857E00BAA094 /* Sources */ = {
			isa = PBXSourcesBuildPhase;
			buildActionMask = 2147483647;
			files = (
				94D913AF2AE5857E00BAA094 /* cparcial2530892009Tests.swift in Sources */,
			);
			runOnlyForDeploymentPostprocessing = 0;
		};
		94D913B02AE5857E00BAA094 /* Sources */ = {
			isa = PBXSourcesBuildPhase;
			buildActionMask = 2147483647;
			files = (
				94D913B92AE5857E00BAA094 /* cparcial2530892009UITests.swift in Sources */,
				94D913BB2AE5857E00BAA094 /* cparcial2530892009UITestsLaunchTests.swift in Sources */,
			);
			runOnlyForDeploymentPostprocessing = 0;
		};
/* End PBXSourcesBuildPhase section */

/* Begin PBXTargetDependency section */
		94D913AC2AE5857E00BAA094 /* PBXTargetDependency */ = {
			isa = PBXTargetDependency;
			target = 94D913992AE5857C00BAA094 /* cparcial2530892009 */;
			targetProxy = 94D913AB2AE5857E00BAA094 /* PBXContainerItemProxy */;
		};
		94D913B62AE5857E00BAA094 /* PBXTargetDependency */ = {
			isa = PBXTargetDependency;
			target = 94D913992AE5857C00BAA094 /* cparcial2530892009 */;
			targetProxy = 94D913B52AE5857E00BAA094 /* PBXContainerItemProxy */;
		};
/* End PBXTargetDependency section */

/* Begin XCBuildConfiguration section */
		94D913BC2AE5857E00BAA094 /* Debug */ = {
			isa = XCBuildConfiguration;
			buildSettings = {
				ALWAYS_SEARCH_USER_PATHS = NO;
				ASSETCATALOG_COMPILER_GENERATE_SWIFT_ASSET_SYMBOL_EXTENSIONS = YES;
				CLANG_ANALYZER_NONNULL = YES;
				CLANG_ANALYZER_NUMBER_OBJECT_CONVERSION = YES_AGGRESSIVE;
				CLANG_CXX_LANGUAGE_STANDARD = "gnu++20";
				CLANG_ENABLE_MODULES = YES;
				CLANG_ENABLE_OBJC_ARC = YES;
				CLANG_ENABLE_OBJC_WEAK = YES;
				CLANG_WARN_BLOCK_CAPTURE_AUTORELEASING = YES;
				CLANG_WARN_BOOL_CONVERSION = YES;
				CLANG_WARN_COMMA = YES;
				CLANG_WARN_CONSTANT_CONVERSION = YES;
				CLANG_WARN_DEPRECATED_OBJC_IMPLEMENTATIONS = YES;
				CLANG_WARN_DIRECT_OBJC_ISA_USAGE = YES_ERROR;
				CLANG_WARN_DOCUMENTATION_COMMENTS = YES;
				CLANG_WARN_EMPTY_BODY = YES;
				CLANG_WARN_ENUM_CONVERSION = YES;
				CLANG_WARN_INFINITE_RECURSION = YES;
				CLANG_WARN_INT_CONVERSION = YES;
				CLANG_WARN_NON_LITERAL_NULL_CONVERSION = YES;
				CLANG_WARN_OBJC_IMPLICIT_RETAIN_SELF = YES;
				CLANG_WARN_OBJC_LITERAL_CONVERSION = YES;
				CLANG_WARN_OBJC_ROOT_CLASS = YES_ERROR;
				CLANG_WARN_QUOTED_INCLUDE_IN_FRAMEWORK_HEADER = YES;
				CLANG_WARN_RANGE_LOOP_ANALYSIS = YES;
				CLANG_WARN_STRICT_PROTOTYPES = YES;
				CLANG_WARN_SUSPICIOUS_MOVE = YES;
				CLANG_WARN_UNGUARDED_AVAILABILITY = YES_AGGRESSIVE;
				CLANG_WARN_UNREACHABLE_CODE = YES;
				CLANG_WARN__DUPLICATE_METHOD_MATCH = YES;
				COPY_PHASE_STRIP = NO;
				DEBUG_INFORMATION_FORMAT = dwarf;
				ENABLE_STRICT_OBJC_MSGSEND = YES;
				ENABLE_TESTABILITY = YES;
				ENABLE_USER_SCRIPT_SANDBOXING = YES;
				GCC_C_LANGUAGE_STANDARD = gnu17;
				GCC_DYNAMIC_NO_PIC = NO;
				GCC_NO_COMMON_BLOCKS = YES;
				GCC_OPTIMIZATION_LEVEL = 0;
				GCC_PREPROCESSOR_DEFINITIONS = (
					"DEBUG=1",
					"$(inherited)",
				);
				GCC_WARN_64_TO_32_BIT_CONVERSION = YES;
				GCC_WARN_ABOUT_RETURN_TYPE = YES_ERROR;
				GCC_WARN_UNDECLARED_SELECTOR = YES;
				GCC_WARN_UNINITIALIZED_AUTOS = YES_AGGRESSIVE;
				GCC_WARN_UNUSED_FUNCTION = YES;
				GCC_WARN_UNUSED_VARIABLE = YES;
				IPHONEOS_DEPLOYMENT_TARGET = 17.0;
				LOCALIZATION_PREFERS_STRING_CATALOGS = YES;
				MTL_ENABLE_DEBUG_INFO = INCLUDE_SOURCE;
				MTL_FAST_MATH = YES;
				ONLY_ACTIVE_ARCH = YES;
				SDKROOT = iphoneos;
				SWIFT_ACTIVE_COMPILATION_CONDITIONS = "DEBUG $(inherited)";
				SWIFT_OPTIMIZATION_LEVEL = "-Onone";
			};
			name = Debug;
		};
		94D913BD2AE5857E00BAA094 /* Release */ = {
			isa = XCBuildConfiguration;
			buildSettings = {
				ALWAYS_SEARCH_USER_PATHS = NO;
				ASSETCATALOG_COMPILER_GENERATE_SWIFT_ASSET_SYMBOL_EXTENSIONS = YES;
				CLANG_ANALYZER_NONNULL = YES;
				CLANG_ANALYZER_NUMBER_OBJECT_CONVERSION = YES_AGGRESSIVE;
				CLANG_CXX_LANGUAGE_STANDARD = "gnu++20";
				CLANG_ENABLE_MODULES = YES;
				CLANG_ENABLE_OBJC_ARC = YES;
				CLANG_ENABLE_OBJC_WEAK = YES;
				CLANG_WARN_BLOCK_CAPTURE_AUTORELEASING = YES;
				CLANG_WARN_BOOL_CONVERSION = YES;
				CLANG_WARN_COMMA = YES;
				CLANG_WARN_CONSTANT_CONVERSION = YES;
				CLANG_WARN_DEPRECATED_OBJC_IMPLEMENTATIONS = YES;
				CLANG_WARN_DIRECT_OBJC_ISA_USAGE = YES_ERROR;
				CLANG_WARN_DOCUMENTATION_COMMENTS = YES;
				CLANG_WARN_EMPTY_BODY = YES;
				CLANG_WARN_ENUM_CONVERSION = YES;
				CLANG_WARN_INFINITE_RECURSION = YES;
				CLANG_WARN_INT_CONVERSION = YES;
				CLANG_WARN_NON_LITERAL_NULL_CONVERSION = YES;
				CLANG_WARN_OBJC_IMPLICIT_RETAIN_SELF = YES;
				CLANG_WARN_OBJC_LITERAL_CONVERSION = YES;
				CLANG_WARN_OBJC_ROOT_CLASS = YES_ERROR;
				CLANG_WARN_QUOTED_INCLUDE_IN_FRAMEWORK_HEADER = YES;
				CLANG_WARN_RANGE_LOOP_ANALYSIS = YES;
				CLANG_WARN_STRICT_PROTOTYPES = YES;
				CLANG_WARN_SUSPICIOUS_MOVE = YES;
				CLANG_WARN_UNGUARDED_AVAILABILITY = YES_AGGRESSIVE;
				CLANG_WARN_UNREACHABLE_CODE = YES;
				CLANG_WARN__DUPLICATE_METHOD_MATCH = YES;
				COPY_PHASE_STRIP = NO;
				DEBUG_INFORMATION_FORMAT = "dwarf-with-dsym";
				ENABLE_NS_ASSERTIONS = NO;
				ENABLE_STRICT_OBJC_MSGSEND = YES;
				ENABLE_USER_SCRIPT_SANDBOXING = YES;
				GCC_C_LANGUAGE_STANDARD = gnu17;
				GCC_NO_COMMON_BLOCKS = YES;
				GCC_WARN_64_TO_32_BIT_CONVERSION = YES;
				GCC_WARN_ABOUT_RETURN_TYPE = YES_ERROR;
				GCC_WARN_UNDECLARED_SELECTOR = YES;
				GCC_WARN_UNINITIALIZED_AUTOS = YES_AGGRESSIVE;
				GCC_WARN_UNUSED_FUNCTION = YES;
				GCC_WARN_UNUSED_VARIABLE = YES;
				IPHONEOS_DEPLOYMENT_TARGET = 17.0;
				LOCALIZATION_PREFERS_STRING_CATALOGS = YES;
				MTL_ENABLE_DEBUG_INFO = NO;
				MTL_FAST_MATH = YES;
				SDKROOT = iphoneos;
				SWIFT_COMPILATION_MODE = wholemodule;
				VALIDATE_PRODUCT = YES;
			};
			name = Release;
		};
		94D913BF2AE5857E00BAA094 /* Debug */ = {
			isa = XCBuildConfiguration;
			buildSettings = {
				ASSETCATALOG_COMPILER_APPICON_NAME = AppIcon;
				ASSETCATALOG_COMPILER_GLOBAL_ACCENT_COLOR_NAME = AccentColor;
				CODE_SIGN_STYLE = Automatic;
				CURRENT_PROJECT_VERSION = 1;
				DEVELOPMENT_ASSET_PATHS = "\"cparcial2530892009/Preview Content\"";
				ENABLE_PREVIEWS = YES;
				GENERATE_INFOPLIST_FILE = YES;
				INFOPLIST_KEY_UIApplicationSceneManifest_Generation = YES;
				INFOPLIST_KEY_UIApplicationSupportsIndirectInputEvents = YES;
				INFOPLIST_KEY_UILaunchScreen_Generation = YES;
				INFOPLIST_KEY_UISupportedInterfaceOrientations_iPad = "UIInterfaceOrientationPortrait UIInterfaceOrientationPortraitUpsideDown UIInterfaceOrientationLandscapeLeft UIInterfaceOrientationLandscapeRight";
				INFOPLIST_KEY_UISupportedInterfaceOrientations_iPhone = "UIInterfaceOrientationPortrait UIInterfaceOrientationLandscapeLeft UIInterfaceOrientationLandscapeRight";
				LD_RUNPATH_SEARCH_PATHS = (
					"$(inherited)",
					"@executable_path/Frameworks",
				);
				MARKETING_VERSION = 1.0;
				PRODUCT_BUNDLE_IDENTIFIER = utec.edu.sv.cparcial2530892009;
				PRODUCT_NAME = "$(TARGET_NAME)";
				SWIFT_EMIT_LOC_STRINGS = YES;
				SWIFT_VERSION = 5.0;
				TARGETED_DEVICE_FAMILY = "1,2";
			};
			name = Debug;
		};
		94D913C02AE5857E00BAA094 /* Release */ = {
			isa = XCBuildConfiguration;
			buildSettings = {
				ASSETCATALOG_COMPILER_APPICON_NAME = AppIcon;
				ASSETCATALOG_COMPILER_GLOBAL_ACCENT_COLOR_NAME = AccentColor;
				CODE_SIGN_STYLE = Automatic;
				CURRENT_PROJECT_VERSION = 1;
				DEVELOPMENT_ASSET_PATHS = "\"cparcial2530892009/Preview Content\"";
				ENABLE_PREVIEWS = YES;
				GENERATE_INFOPLIST_FILE = YES;
				INFOPLIST_KEY_UIApplicationSceneManifest_Generation = YES;
				INFOPLIST_KEY_UIApplicationSupportsIndirectInputEvents = YES;
				INFOPLIST_KEY_UILaunchScreen_Generation = YES;
				INFOPLIST_KEY_UISupportedInterfaceOrientations_iPad = "UIInterfaceOrientationPortrait UIInterfaceOrientationPortraitUpsideDown UIInterfaceOrientationLandscapeLeft UIInterfaceOrientationLandscapeRight";
				INFOPLIST_KEY_UISupportedInterfaceOrientations_iPhone = "UIInterfaceOrientationPortrait UIInterfaceOrientationLandscapeLeft UIInterfaceOrientationLandscapeRight";
				LD_RUNPATH_SEARCH_PATHS = (
					"$(inherited)",
					"@executable_path/Frameworks",
				);
				MARKETING_VERSION = 1.0;
				PRODUCT_BUNDLE_IDENTIFIER = utec.edu.sv.cparcial2530892009;
				PRODUCT_NAME = "$(TARGET_NAME)";
				SWIFT_EMIT_LOC_STRINGS = YES;
				SWIFT_VERSION = 5.0;
				TARGETED_DEVICE_FAMILY = "1,2";
			};
			name = Release;
		};
		94D913C22AE5857E00BAA094 /* Debug */ = {
			isa = XCBuildConfiguration;
			buildSettings = {
				ALWAYS_EMBED_SWIFT_STANDARD_LIBRARIES = YES;
				BUNDLE_LOADER = "$(TEST_HOST)";
				CODE_SIGN_STYLE = Automatic;
				CURRENT_PROJECT_VERSION = 1;
				GENERATE_INFOPLIST_FILE = YES;
				IPHONEOS_DEPLOYMENT_TARGET = 17.0;
				MARKETING_VERSION = 1.0;
				PRODUCT_BUNDLE_IDENTIFIER = utec.edu.sv.cparcial2530892009Tests;
				PRODUCT_NAME = "$(TARGET_NAME)";
				SWIFT_EMIT_LOC_STRINGS = NO;
				SWIFT_VERSION = 5.0;
				TARGETED_DEVICE_FAMILY = "1,2";
				TEST_HOST = "$(BUILT_PRODUCTS_DIR)/cparcial2530892009.app/$(BUNDLE_EXECUTABLE_FOLDER_PATH)/cparcial2530892009";
			};
			name = Debug;
		};
		94D913C32AE5857E00BAA094 /* Release */ = {
			isa = XCBuildConfiguration;
			buildSettings = {
				ALWAYS_EMBED_SWIFT_STANDARD_LIBRARIES = YES;
				BUNDLE_LOADER = "$(TEST_HOST)";
				CODE_SIGN_STYLE = Automatic;
				CURRENT_PROJECT_VERSION = 1;
				GENERATE_INFOPLIST_FILE = YES;
				IPHONEOS_DEPLOYMENT_TARGET = 17.0;
				MARKETING_VERSION = 1.0;
				PRODUCT_BUNDLE_IDENTIFIER = utec.edu.sv.cparcial2530892009Tests;
				PRODUCT_NAME = "$(TARGET_NAME)";
				SWIFT_EMIT_LOC_STRINGS = NO;
				SWIFT_VERSION = 5.0;
				TARGETED_DEVICE_FAMILY = "1,2";
				TEST_HOST = "$(BUILT_PRODUCTS_DIR)/cparcial2530892009.app/$(BUNDLE_EXECUTABLE_FOLDER_PATH)/cparcial2530892009";
			};
			name = Release;
		};
		94D913C52AE5857E00BAA094 /* Debug */ = {
			isa = XCBuildConfiguration;
			buildSettings = {
				ALWAYS_EMBED_SWIFT_STANDARD_LIBRARIES = YES;
				CODE_SIGN_STYLE = Automatic;
				CURRENT_PROJECT_VERSION = 1;
				GENERATE_INFOPLIST_FILE = YES;
				MARKETING_VERSION = 1.0;
				PRODUCT_BUNDLE_IDENTIFIER = utec.edu.sv.cparcial2530892009UITests;
				PRODUCT_NAME = "$(TARGET_NAME)";
				SWIFT_EMIT_LOC_STRINGS = NO;
				SWIFT_VERSION = 5.0;
				TARGETED_DEVICE_FAMILY = "1,2";
				TEST_TARGET_NAME = cparcial2530892009;
			};
			name = Debug;
		};
		94D913C62AE5857E00BAA094 /* Release */ = {
			isa = XCBuildConfiguration;
			buildSettings = {
				ALWAYS_EMBED_SWIFT_STANDARD_LIBRARIES = YES;
				CODE_SIGN_STYLE = Automatic;
				CURRENT_PROJECT_VERSION = 1;
				GENERATE_INFOPLIST_FILE = YES;
				MARKETING_VERSION = 1.0;
				PRODUCT_BUNDLE_IDENTIFIER = utec.edu.sv.cparcial2530892009UITests;
				PRODUCT_NAME = "$(TARGET_NAME)";
				SWIFT_EMIT_LOC_STRINGS = NO;
				SWIFT_VERSION = 5.0;
				TARGETED_DEVICE_FAMILY = "1,2";
				TEST_TARGET_NAME = cparcial2530892009;
			};
			name = Release;
		};
/* End XCBuildConfiguration section */

/* Begin XCConfigurationList section */
		94D913952AE5857C00BAA094 /* Build configuration list for PBXProject "cparcial2530892009" */ = {
			isa = XCConfigurationList;
			buildConfigurations = (
				94D913BC2AE5857E00BAA094 /* Debug */,
				94D913BD2AE5857E00BAA094 /* Release */,
			);
			defaultConfigurationIsVisible = 0;
			defaultConfigurationName = Release;
		};
		94D913BE2AE5857E00BAA094 /* Build configuration list for PBXNativeTarget "cparcial2530892009" */ = {
			isa = XCConfigurationList;
			buildConfigurations = (
				94D913BF2AE5857E00BAA094 /* Debug */,
				94D913C02AE5857E00BAA094 /* Release */,
			);
			defaultConfigurationIsVisible = 0;
			defaultConfigurationName = Release;
		};
		94D913C12AE5857E00BAA094 /* Build configuration list for PBXNativeTarget "cparcial2530892009Tests" */ = {
			isa = XCConfigurationList;
			buildConfigurations = (
				94D913C22AE5857E00BAA094 /* Debug */,
				94D913C32AE5857E00BAA094 /* Release */,
			);
			defaultConfigurationIsVisible = 0;
			defaultConfigurationName = Release;
		};
		94D913C42AE5857E00BAA094 /* Build configuration list for PBXNativeTarget "cparcial2530892009UITests" */ = {
			isa = XCConfigurationList;
			buildConfigurations = (
				94D913C52AE5857E00BAA094 /* Debug */,
				94D913C62AE5857E00BAA094 /* Release */,
			);
			defaultConfigurationIsVisible = 0;
			defaultConfigurationName = Release;
		};
/* End XCConfigurationList section */
	};
	rootObject = 94D913922AE5857C00BAA094 /* Project object */;
}
